// !$*UTF8*$!
{
	archiveVersion = 1;
	classes = {
	};
	objectVersion = 46;
	objects = {

/* Begin PBXBuildFile section */
		E40607BA162E10120094475B /* newsdetail.html in Resources */ = {isa = PBXBuildFile; fileRef = E40607B8162E10120094475B /* newsdetail.html */; };
		E40607BB162E10120094475B /* tongzhi.css in Resources */ = {isa = PBXBuildFile; fileRef = E40607B9162E10120094475B /* tongzhi.css */; };
		E4177A2116485A260035B080 /* Default.png in Resources */ = {isa = PBXBuildFile; fileRef = E4177A2016485A260035B080 /* Default.png */; };
		E4177A2316485A360035B080 /* Default@2x.png in Resources */ = {isa = PBXBuildFile; fileRef = E4177A2216485A360035B080 /* Default@2x.png */; };
		E4177A2516485A3B0035B080 /* Default-568h@2x.png in Resources */ = {isa = PBXBuildFile; fileRef = E4177A2416485A3B0035B080 /* Default-568h@2x.png */; };
		E4177A77164A95190035B080 /* sideBarBGTextile.png in Resources */ = {isa = PBXBuildFile; fileRef = E4177A75164A95190035B080 /* sideBarBGTextile.png */; };
		E4177A78164A95190035B080 /* sideBarBGTextile@2x.png in Resources */ = {isa = PBXBuildFile; fileRef = E4177A76164A95190035B080 /* sideBarBGTextile@2x.png */; };
		E4177A7B164A96240035B080 /* SideViewController.m in Sources */ = {isa = PBXBuildFile; fileRef = E4177A7A164A96230035B080 /* SideViewController.m */; };
		E4177A82164AA5DF0035B080 /* sideTopBar.png in Resources */ = {isa = PBXBuildFile; fileRef = E4177A80164AA5DF0035B080 /* sideTopBar.png */; };
		E4177A83164AA5DF0035B080 /* sideTopBar@2x.png in Resources */ = {isa = PBXBuildFile; fileRef = E4177A81164AA5DF0035B080 /* sideTopBar@2x.png */; };
		E4177ACE164ACC6F0035B080 /* IIViewDeckController.m in Sources */ = {isa = PBXBuildFile; fileRef = E4177ACB164ACC6F0035B080 /* IIViewDeckController.m */; };
		E4177ACF164ACC6F0035B080 /* WrapController.m in Sources */ = {isa = PBXBuildFile; fileRef = E4177ACD164ACC6F0035B080 /* WrapController.m */; };
		E4177AD9164B20090035B080 /* GHMenuCell.m in Sources */ = {isa = PBXBuildFile; fileRef = E4177AD6164B20090035B080 /* GHMenuCell.m */; };
		E4177AE5164C63D10035B080 /* sideBarSelection.png in Resources */ = {isa = PBXBuildFile; fileRef = E4177AE3164C63D10035B080 /* sideBarSelection.png */; };
		E4177AE6164C63D10035B080 /* sideBarSelection@2x.png in Resources */ = {isa = PBXBuildFile; fileRef = E4177AE4164C63D10035B080 /* sideBarSelection@2x.png */; };
		E4177AE9164C65060035B080 /* UIImage+Opacity.m in Sources */ = {isa = PBXBuildFile; fileRef = E4177AE8164C65060035B080 /* UIImage+Opacity.m */; };
		E4177AEC164C66230035B080 /* nav_menu_icon.png in Resources */ = {isa = PBXBuildFile; fileRef = E4177AEA164C66220035B080 /* nav_menu_icon.png */; };
		E4177AED164C66230035B080 /* nav_menu_icon@2x.png in Resources */ = {isa = PBXBuildFile; fileRef = E4177AEB164C66220035B080 /* nav_menu_icon@2x.png */; };
		E4177AFA164C77CA0035B080 /* .htaccess in Resources */ = {isa = PBXBuildFile; fileRef = E4177AF3164C77CA0035B080 /* .htaccess */; };
		E4177AFB164C77CA0035B080 /* readability-start.js in Sources */ = {isa = PBXBuildFile; fileRef = E4177AF5164C77CA0035B080 /* readability-start.js */; };
		E4177AFC164C77CA0035B080 /* jquery-1.3.1.min.js in Sources */ = {isa = PBXBuildFile; fileRef = E4177AF6164C77CA0035B080 /* jquery-1.3.1.min.js */; };
		E4177AFD164C77CA0035B080 /* readability-0.1-debug.js in Sources */ = {isa = PBXBuildFile; fileRef = E4177AF7164C77CA0035B080 /* readability-0.1-debug.js */; };
		E4177AFE164C77CA0035B080 /* readability-start.js in Sources */ = {isa = PBXBuildFile; fileRef = E4177AF8164C77CA0035B080 /* readability-start.js */; };
		E4177AFF164C77CA0035B080 /* readability.js in Sources */ = {isa = PBXBuildFile; fileRef = E4177AF9164C77CA0035B080 /* readability.js */; };
		E4177B06164C7A790035B080 /* readability-home.css in Resources */ = {isa = PBXBuildFile; fileRef = E4177B02164C7A790035B080 /* readability-home.css */; };
		E4177B07164C7A790035B080 /* readability-home.css in Resources */ = {isa = PBXBuildFile; fileRef = E4177B03164C7A790035B080 /* readability-home.css */; };
		E4177B08164C7A790035B080 /* readability-print.css in Resources */ = {isa = PBXBuildFile; fileRef = E4177B04164C7A790035B080 /* readability-print.css */; };
		E4177B09164C7A790035B080 /* readability.css in Resources */ = {isa = PBXBuildFile; fileRef = E4177B05164C7A790035B080 /* readability.css */; };
		E418E0D7162E32DE0046C8D7 /* toolbar_article_view.png in Resources */ = {isa = PBXBuildFile; fileRef = E418E0D3162E32DE0046C8D7 /* toolbar_article_view.png */; };
		E418E0D8162E32DE0046C8D7 /* toolbar_article_view@2x.png in Resources */ = {isa = PBXBuildFile; fileRef = E418E0D4162E32DE0046C8D7 /* toolbar_article_view@2x.png */; };
		E418E0D9162E32DE0046C8D7 /* toolbar_web_view.png in Resources */ = {isa = PBXBuildFile; fileRef = E418E0D5162E32DE0046C8D7 /* toolbar_web_view.png */; };
		E418E0DA162E32DE0046C8D7 /* toolbar_web_view@2x.png in Resources */ = {isa = PBXBuildFile; fileRef = E418E0D6162E32DE0046C8D7 /* toolbar_web_view@2x.png */; };
		E4378FCF1628D620008A85DF /* UIKit.framework in Frameworks */ = {isa = PBXBuildFile; fileRef = E4378FCE1628D620008A85DF /* UIKit.framework */; };
		E4378FD11628D620008A85DF /* Foundation.framework in Frameworks */ = {isa = PBXBuildFile; fileRef = E4378FD01628D620008A85DF /* Foundation.framework */; };
		E4378FD31628D620008A85DF /* CoreGraphics.framework in Frameworks */ = {isa = PBXBuildFile; fileRef = E4378FD21628D620008A85DF /* CoreGraphics.framework */; };
		E4378FD91628D620008A85DF /* InfoPlist.strings in Resources */ = {isa = PBXBuildFile; fileRef = E4378FD71628D620008A85DF /* InfoPlist.strings */; };
		E4378FDB1628D620008A85DF /* main.m in Sources */ = {isa = PBXBuildFile; fileRef = E4378FDA1628D620008A85DF /* main.m */; };
		E4378FDF1628D620008A85DF /* AppDelegate.m in Sources */ = {isa = PBXBuildFile; fileRef = E4378FDE1628D620008A85DF /* AppDelegate.m */; };
		E4378FE81628D620008A85DF /* MainStoryboard.storyboard in Resources */ = {isa = PBXBuildFile; fileRef = E4378FE61628D620008A85DF /* MainStoryboard.storyboard */; };
		E437900A162B393E008A85DF /* cellBG@2x.png in Resources */ = {isa = PBXBuildFile; fileRef = E4379008162B393E008A85DF /* cellBG@2x.png */; };
		E437900B162B393E008A85DF /* cellBG.png in Resources */ = {isa = PBXBuildFile; fileRef = E4379009162B393E008A85DF /* cellBG.png */; };
		E437900E162B3B84008A85DF /* cellAccessory@2x.png in Resources */ = {isa = PBXBuildFile; fileRef = E437900C162B3B84008A85DF /* cellAccessory@2x.png */; };
		E437900F162B3B84008A85DF /* cellAccessory.png in Resources */ = {isa = PBXBuildFile; fileRef = E437900D162B3B84008A85DF /* cellAccessory.png */; };
		E4379011162B47AD008A85DF /* cellUnread.png in Resources */ = {isa = PBXBuildFile; fileRef = E4379010162B47AD008A85DF /* cellUnread.png */; };
		E4379013162B47B2008A85DF /* cellUnread@2x.png in Resources */ = {isa = PBXBuildFile; fileRef = E4379012162B47B2008A85DF /* cellUnread@2x.png */; };
		E437901A162B4872008A85DF /* NewsCell.m in Sources */ = {isa = PBXBuildFile; fileRef = E4379019162B4872008A85DF /* NewsCell.m */; };
		E4379024162B54F6008A85DF /* NewsTableViewController.m in Sources */ = {isa = PBXBuildFile; fileRef = E4379023162B54F5008A85DF /* NewsTableViewController.m */; };
		E437902A162B5C70008A85DF /* XuankeModel.m in Sources */ = {isa = PBXBuildFile; fileRef = E4379029162B58C7008A85DF /* XuankeModel.m */; };
		E437902D162B5FB1008A85DF /* nav_bar_bg.png in Resources */ = {isa = PBXBuildFile; fileRef = E437902B162B5FB1008A85DF /* nav_bar_bg.png */; };
		E437902E162B5FB1008A85DF /* nav_bar_bg@2x.png in Resources */ = {isa = PBXBuildFile; fileRef = E437902C162B5FB1008A85DF /* nav_bar_bg@2x.png */; };
		E4379032162B6147008A85DF /* UILabel+Addition.m in Sources */ = {isa = PBXBuildFile; fileRef = E4379031162B6147008A85DF /* UILabel+Addition.m */; };
		E4379035162B6233008A85DF /* bg@2x.png in Resources */ = {isa = PBXBuildFile; fileRef = E4379033162B6233008A85DF /* bg@2x.png */; };
		E4379036162B6233008A85DF /* bg.png in Resources */ = {isa = PBXBuildFile; fileRef = E4379034162B6233008A85DF /* bg.png */; };
		E4379047162B68FC008A85DF /* MyTabBarController.m in Sources */ = {isa = PBXBuildFile; fileRef = E4379046162B68FC008A85DF /* MyTabBarController.m */; };
		E437904E162B6AC6008A85DF /* tabbarBG.png in Resources */ = {isa = PBXBuildFile; fileRef = E437904C162B6AC6008A85DF /* tabbarBG.png */; };
		E437904F162B6AC6008A85DF /* tabbarBG@2x.png in Resources */ = {isa = PBXBuildFile; fileRef = E437904D162B6AC6008A85DF /* tabbarBG@2x.png */; };
		E4379066162B7279008A85DF /* item0_selected@2x.png in Resources */ = {isa = PBXBuildFile; fileRef = E4379064162B7279008A85DF /* item0_selected@2x.png */; };
		E4379067162B7279008A85DF /* item0_unselected@2x.png in Resources */ = {isa = PBXBuildFile; fileRef = E4379065162B7279008A85DF /* item0_unselected@2x.png */; };
		E437906A162B7280008A85DF /* item0_selected.png in Resources */ = {isa = PBXBuildFile; fileRef = E4379068162B7280008A85DF /* item0_selected.png */; };
		E437906B162B7280008A85DF /* item0_unselected.png in Resources */ = {isa = PBXBuildFile; fileRef = E4379069162B7280008A85DF /* item0_unselected.png */; };
		E4379078162B7411008A85DF /* item1_unselected@2x.png in Resources */ = {isa = PBXBuildFile; fileRef = E4379074162B7411008A85DF /* item1_unselected@2x.png */; };
		E4379079162B7411008A85DF /* item1_selected@2x.png in Resources */ = {isa = PBXBuildFile; fileRef = E4379075162B7411008A85DF /* item1_selected@2x.png */; };
		E437907A162B7411008A85DF /* item1_selected.png in Resources */ = {isa = PBXBuildFile; fileRef = E4379076162B7411008A85DF /* item1_selected.png */; };
		E437907B162B7411008A85DF /* item1_unselected.png in Resources */ = {isa = PBXBuildFile; fileRef = E4379077162B7411008A85DF /* item1_unselected.png */; };
		E4379080162B74D0008A85DF /* item2_unselected@2x.png in Resources */ = {isa = PBXBuildFile; fileRef = E437907C162B74D0008A85DF /* item2_unselected@2x.png */; };
		E4379081162B74D0008A85DF /* item2_selected@2x.png in Resources */ = {isa = PBXBuildFile; fileRef = E437907D162B74D0008A85DF /* item2_selected@2x.png */; };
		E4379082162B74D0008A85DF /* item2_selected.png in Resources */ = {isa = PBXBuildFile; fileRef = E437907E162B74D0008A85DF /* item2_selected.png */; };
		E4379083162B74D0008A85DF /* item2_unselected.png in Resources */ = {isa = PBXBuildFile; fileRef = E437907F162B74D0008A85DF /* item2_unselected.png */; };
		E4379086162B7597008A85DF /* selectedIndicator@2x.png in Resources */ = {isa = PBXBuildFile; fileRef = E4379084162B7597008A85DF /* selectedIndicator@2x.png */; };
		E4379087162B7597008A85DF /* selectedIndicator.png in Resources */ = {isa = PBXBuildFile; fileRef = E4379085162B7597008A85DF /* selectedIndicator.png */; };
		E4379088162B77F5008A85DF /* NSString+MD5Addition.m in Sources */ = {isa = PBXBuildFile; fileRef = E4379042162B6777008A85DF /* NSString+MD5Addition.m */; settings = {COMPILER_FLAGS = "-fno-objc-arc"; }; };
		E4379089162B77F5008A85DF /* UIDevice+IdentifierAddition.m in Sources */ = {isa = PBXBuildFile; fileRef = E4379044162B6777008A85DF /* UIDevice+IdentifierAddition.m */; settings = {COMPILER_FLAGS = "-fno-objc-arc"; }; };
		E4379095162C3047008A85DF /* Model.xcdatamodeld in Sources */ = {isa = PBXBuildFile; fileRef = E4379093162C3047008A85DF /* Model.xcdatamodeld */; };
		E43790A7162C6796008A85DF /* CoreData.framework in Frameworks */ = {isa = PBXBuildFile; fileRef = E43790A6162C6796008A85DF /* CoreData.framework */; };
		E43790C1162C75DE008A85DF /* MyDataStorage.m in Sources */ = {isa = PBXBuildFile; fileRef = E43790BF162C75B4008A85DF /* MyDataStorage.m */; };
		E43790C4162C7D75008A85DF /* Category.m in Sources */ = {isa = PBXBuildFile; fileRef = E43790C3162C7D75008A85DF /* Category.m */; };
		E43790C7162C7D75008A85DF /* News.m in Sources */ = {isa = PBXBuildFile; fileRef = E43790C6162C7D75008A85DF /* News.m */; };
		E43790CA162C82FD008A85DF /* NSString+TimeConvertion.m in Sources */ = {isa = PBXBuildFile; fileRef = E43790C9162C82FD008A85DF /* NSString+TimeConvertion.m */; };
		E43790D5162CA0CF008A85DF /* NewsDetailViewController.m in Sources */ = {isa = PBXBuildFile; fileRef = E43790D4162CA0CD008A85DF /* NewsDetailViewController.m */; };
		E43790D8162CACD6008A85DF /* detailTitle.png in Resources */ = {isa = PBXBuildFile; fileRef = E43790D6162CACD5008A85DF /* detailTitle.png */; };
		E43790D9162CACD6008A85DF /* detailTitle@2x.png in Resources */ = {isa = PBXBuildFile; fileRef = E43790D7162CACD5008A85DF /* detailTitle@2x.png */; };
		E43790E0162CB4FC008A85DF /* UIBarButtonItem+Addtion.m in Sources */ = {isa = PBXBuildFile; fileRef = E43790DF162CB4FB008A85DF /* UIBarButtonItem+Addtion.m */; };
		E43790E5162CB5C1008A85DF /* nav_bar_btn_back_hl.png in Resources */ = {isa = PBXBuildFile; fileRef = E43790E1162CB5BF008A85DF /* nav_bar_btn_back_hl.png */; };
		E43790E6162CB5C1008A85DF /* nav_bar_btn_back_hl@2x.png in Resources */ = {isa = PBXBuildFile; fileRef = E43790E2162CB5C0008A85DF /* nav_bar_btn_back_hl@2x.png */; };
		E43790E7162CB5C1008A85DF /* nav_bar_btn_back.png in Resources */ = {isa = PBXBuildFile; fileRef = E43790E3162CB5C0008A85DF /* nav_bar_btn_back.png */; };
		E43790E8162CB5C1008A85DF /* nav_bar_btn_back@2x.png in Resources */ = {isa = PBXBuildFile; fileRef = E43790E4162CB5C1008A85DF /* nav_bar_btn_back@2x.png */; };
		E44B07F116455F8D0050FB18 /* logo.png in Resources */ = {isa = PBXBuildFile; fileRef = E44B07EF16455F8D0050FB18 /* logo.png */; };
		E44B07F216455F8D0050FB18 /* logo@2x.png in Resources */ = {isa = PBXBuildFile; fileRef = E44B07F016455F8D0050FB18 /* logo@2x.png */; };
		E44B07FC1645612E0050FB18 /* loginBG.png in Resources */ = {isa = PBXBuildFile; fileRef = E44B07FA1645612E0050FB18 /* loginBG.png */; };
		E44B07FD1645612E0050FB18 /* loginBG@2x.png in Resources */ = {isa = PBXBuildFile; fileRef = E44B07FB1645612E0050FB18 /* loginBG@2x.png */; };
		E44B0800164563960050FB18 /* loginFields@2x.png in Resources */ = {isa = PBXBuildFile; fileRef = E44B07FE164563960050FB18 /* loginFields@2x.png */; };
		E44B0801164563960050FB18 /* loginFields.png in Resources */ = {isa = PBXBuildFile; fileRef = E44B07FF164563960050FB18 /* loginFields.png */; };
		E44B0811164572270050FB18 /* LoginViewController.m in Sources */ = {isa = PBXBuildFile; fileRef = E44B0810164572270050FB18 /* LoginViewController.m */; };
		E44B081F164583010050FB18 /* NSString+EncryptAndDecrypt.m in Sources */ = {isa = PBXBuildFile; fileRef = E44B081E164583010050FB18 /* NSString+EncryptAndDecrypt.m */; };
		E44B082516458C4F0050FB18 /* LogInModal.m in Sources */ = {isa = PBXBuildFile; fileRef = E44B082416458C4F0050FB18 /* LogInModal.m */; };
		E44B08391645B0380050FB18 /* AESCrypt.m in Sources */ = {isa = PBXBuildFile; fileRef = E44B08311645B0380050FB18 /* AESCrypt.m */; };
		E44B083A1645B0380050FB18 /* LICENSE in Resources */ = {isa = PBXBuildFile; fileRef = E44B08321645B0380050FB18 /* LICENSE */; };
		E44B083B1645B0380050FB18 /* NSData+Base64.m in Sources */ = {isa = PBXBuildFile; fileRef = E44B08341645B0380050FB18 /* NSData+Base64.m */; };
		E44B083C1645B0380050FB18 /* NSData+CommonCrypto.m in Sources */ = {isa = PBXBuildFile; fileRef = E44B08361645B0380050FB18 /* NSData+CommonCrypto.m */; };
		E44B083D1645B0380050FB18 /* NSString+Base64.m in Sources */ = {isa = PBXBuildFile; fileRef = E44B08381645B0380050FB18 /* NSString+Base64.m */; };
		E4997AD51631B2450020999B /* MBProgressHUD.m in Sources */ = {isa = PBXBuildFile; fileRef = E4997AD41631B2450020999B /* MBProgressHUD.m */; };
		E4997ADC1631DAA20020999B /* SSEModel.m in Sources */ = {isa = PBXBuildFile; fileRef = E4997ADB1631DAA20020999B /* SSEModel.m */; };
		E4997AED1631DE750020999B /* MWFeedInfo.m in Sources */ = {isa = PBXBuildFile; fileRef = E4997AE71631DE750020999B /* MWFeedInfo.m */; settings = {COMPILER_FLAGS = "-fno-objc-arc"; }; };
		E4997AEE1631DE750020999B /* MWFeedItem.m in Sources */ = {isa = PBXBuildFile; fileRef = E4997AE91631DE750020999B /* MWFeedItem.m */; settings = {COMPILER_FLAGS = "-fno-objc-arc"; }; };
		E4997AEF1631DE750020999B /* MWFeedParser.m in Sources */ = {isa = PBXBuildFile; fileRef = E4997AEC1631DE750020999B /* MWFeedParser.m */; settings = {COMPILER_FLAGS = "-fno-objc-arc"; }; };
		E4997AF41631DE880020999B /* NSDate+InternetDateTime.m in Sources */ = {isa = PBXBuildFile; fileRef = E4997AF11631DE880020999B /* NSDate+InternetDateTime.m */; settings = {COMPILER_FLAGS = "-fno-objc-arc"; }; };
		E4997AF51631DE880020999B /* NSString+HTML.m in Sources */ = {isa = PBXBuildFile; fileRef = E4997AF31631DE880020999B /* NSString+HTML.m */; settings = {COMPILER_FLAGS = "-fno-objc-arc"; }; };
		E4997AF81631DE980020999B /* GTMNSString+HTML.m in Sources */ = {isa = PBXBuildFile; fileRef = E4997AF71631DE980020999B /* GTMNSString+HTML.m */; settings = {COMPILER_FLAGS = "-fno-objc-arc"; }; };
		E4997AFB1631DEA50020999B /* NSString+XMLEntities.m in Sources */ = {isa = PBXBuildFile; fileRef = E4997AFA1631DEA50020999B /* NSString+XMLEntities.m */; };
		E4997B0116320C140020999B /* icon.png in Resources */ = {isa = PBXBuildFile; fileRef = E4997B0016320C130020999B /* icon.png */; };
		E4997B0316320C1A0020999B /* icon@2x.png in Resources */ = {isa = PBXBuildFile; fileRef = E4997B0216320C1A0020999B /* icon@2x.png */; };
		E49B73ED1646720A00CE4324 /* SettingTableViewController.m in Sources */ = {isa = PBXBuildFile; fileRef = E49B73EC1646720A00CE4324 /* SettingTableViewController.m */; };
		E49B73F816467D1100CE4324 /* MessageUI.framework in Frameworks */ = {isa = PBXBuildFile; fileRef = E49B73F716467D1100CE4324 /* MessageUI.framework */; };
		E49B73FE1646899D00CE4324 /* Social.framework in Frameworks */ = {isa = PBXBuildFile; fileRef = E49B73FD1646899D00CE4324 /* Social.framework */; settings = {ATTRIBUTES = (Weak, ); }; };
		E49B740216468A3200CE4324 /* SocialShareModal.m in Sources */ = {isa = PBXBuildFile; fileRef = E49B740116468A3200CE4324 /* SocialShareModal.m */; };
		E49B741F1646C6F200CE4324 /* AbstractActionSheetPicker.m in Sources */ = {isa = PBXBuildFile; fileRef = E49B74161646C6F200CE4324 /* AbstractActionSheetPicker.m */; settings = {COMPILER_FLAGS = "-fno-objc-arc"; }; };
		E49B74201646C6F200CE4324 /* ActionSheetDatePicker.m in Sources */ = {isa = PBXBuildFile; fileRef = E49B74181646C6F200CE4324 /* ActionSheetDatePicker.m */; settings = {COMPILER_FLAGS = "-fno-objc-arc"; }; };
		E49B74211646C6F200CE4324 /* ActionSheetDistancePicker.m in Sources */ = {isa = PBXBuildFile; fileRef = E49B741A1646C6F200CE4324 /* ActionSheetDistancePicker.m */; settings = {COMPILER_FLAGS = "-fno-objc-arc"; }; };
		E49B74221646C6F200CE4324 /* ActionSheetStringPicker.m in Sources */ = {isa = PBXBuildFile; fileRef = E49B741C1646C6F200CE4324 /* ActionSheetStringPicker.m */; settings = {COMPILER_FLAGS = "-fno-objc-arc"; }; };
		E49B74231646C6F200CE4324 /* DistancePickerView.m in Sources */ = {isa = PBXBuildFile; fileRef = E49B741E1646C6F200CE4324 /* DistancePickerView.m */; settings = {COMPILER_FLAGS = "-fno-objc-arc"; }; };
		E4AFCCD71630217100358B1B /* fav_ribbon.png in Resources */ = {isa = PBXBuildFile; fileRef = E4AFCCD61630217100358B1B /* fav_ribbon.png */; };
		E4AFCCE11630230D00358B1B /* nav_bar_btn_finish_hl.png in Resources */ = {isa = PBXBuildFile; fileRef = E4AFCCDD1630230D00358B1B /* nav_bar_btn_finish_hl.png */; };
		E4AFCCE21630230D00358B1B /* nav_bar_btn_finish_hl@2x.png in Resources */ = {isa = PBXBuildFile; fileRef = E4AFCCDE1630230D00358B1B /* nav_bar_btn_finish_hl@2x.png */; };
		E4AFCCE31630230D00358B1B /* nav_bar_btn_finish.png in Resources */ = {isa = PBXBuildFile; fileRef = E4AFCCDF1630230D00358B1B /* nav_bar_btn_finish.png */; };
		E4AFCCE41630230D00358B1B /* nav_bar_btn_finish@2x.png in Resources */ = {isa = PBXBuildFile; fileRef = E4AFCCE01630230D00358B1B /* nav_bar_btn_finish@2x.png */; };
		E4AFCCF81630248800358B1B /* blackArrow.png in Resources */ = {isa = PBXBuildFile; fileRef = E4AFCCF01630248800358B1B /* blackArrow.png */; };
		E4AFCCF91630248800358B1B /* blackArrow@2x.png in Resources */ = {isa = PBXBuildFile; fileRef = E4AFCCF11630248800358B1B /* blackArrow@2x.png */; };
		E4AFCCFA1630248800358B1B /* blueArrow.png in Resources */ = {isa = PBXBuildFile; fileRef = E4AFCCF21630248800358B1B /* blueArrow.png */; };
		E4AFCCFB1630248800358B1B /* blueArrow@2x.png in Resources */ = {isa = PBXBuildFile; fileRef = E4AFCCF31630248800358B1B /* blueArrow@2x.png */; };
		E4AFCCFC1630248800358B1B /* grayArrow.png in Resources */ = {isa = PBXBuildFile; fileRef = E4AFCCF41630248800358B1B /* grayArrow.png */; };
		E4AFCCFD1630248800358B1B /* grayArrow@2x.png in Resources */ = {isa = PBXBuildFile; fileRef = E4AFCCF51630248800358B1B /* grayArrow@2x.png */; };
		E4AFCCFE1630248800358B1B /* whiteArrow.png in Resources */ = {isa = PBXBuildFile; fileRef = E4AFCCF61630248800358B1B /* whiteArrow.png */; };
		E4AFCCFF1630248800358B1B /* whiteArrow@2x.png in Resources */ = {isa = PBXBuildFile; fileRef = E4AFCCF71630248800358B1B /* whiteArrow@2x.png */; };
		E4AFCD021630252500358B1B /* EGORefreshTableHeaderView.m in Sources */ = {isa = PBXBuildFile; fileRef = E4AFCD011630249100358B1B /* EGORefreshTableHeaderView.m */; settings = {COMPILER_FLAGS = "-fno-objc-arc"; }; };
		E4AFCD041630256300358B1B /* QuartzCore.framework in Frameworks */ = {isa = PBXBuildFile; fileRef = E4AFCD031630256300358B1B /* QuartzCore.framework */; };
		E4AFCD07163028E800358B1B /* fav_star.png in Resources */ = {isa = PBXBuildFile; fileRef = E4AFCD05163028E800358B1B /* fav_star.png */; };
		E4AFCD08163028E800358B1B /* fav_star@2x.png in Resources */ = {isa = PBXBuildFile; fileRef = E4AFCD06163028E800358B1B /* fav_star@2x.png */; };
		E4AFCD161631884A00358B1B /* SystemConfiguration.framework in Frameworks */ = {isa = PBXBuildFile; fileRef = E4AFCD151631884A00358B1B /* SystemConfiguration.framework */; };
		E4AFCD1C1631889700358B1B /* Reachability.m in Sources */ = {isa = PBXBuildFile; fileRef = E4AFCD1B1631889700358B1B /* Reachability.m */; settings = {COMPILER_FLAGS = "-fno-objc-arc"; }; };
		E4AFCD1F1631895A00358B1B /* ReachabilityChecker.m in Sources */ = {isa = PBXBuildFile; fileRef = E4AFCD1E1631895A00358B1B /* ReachabilityChecker.m */; };
		E4AFCD2216318CBF00358B1B /* SettingModal.m in Sources */ = {isa = PBXBuildFile; fileRef = E4AFCD2116318CBF00358B1B /* SettingModal.m */; };
		E4C33B8416481E8500E65C6B /* APNSManager.m in Sources */ = {isa = PBXBuildFile; fileRef = E4C33B8316481E8500E65C6B /* APNSManager.m */; };
		E4DA0CD01648329C0076897A /* CategorySelectionViewController.m in Sources */ = {isa = PBXBuildFile; fileRef = E4DA0CCF1648329C0076897A /* CategorySelectionViewController.m */; };
/* End PBXBuildFile section */

/* Begin PBXFileReference section */
		E40607B8162E10120094475B /* newsdetail.html */ = {isa = PBXFileReference; fileEncoding = 4; lastKnownFileType = text.html; path = newsdetail.html; sourceTree = "<group>"; };
		E40607B9162E10120094475B /* tongzhi.css */ = {isa = PBXFileReference; fileEncoding = 4; lastKnownFileType = text.css; path = tongzhi.css; sourceTree = "<group>"; };
		E4177A2016485A260035B080 /* Default.png */ = {isa = PBXFileReference; lastKnownFileType = image.png; name = Default.png; path = ../Default.png; sourceTree = "<group>"; };
		E4177A2216485A360035B080 /* Default@2x.png */ = {isa = PBXFileReference; lastKnownFileType = image.png; name = "Default@2x.png"; path = "../Default@2x.png"; sourceTree = "<group>"; };
		E4177A2416485A3B0035B080 /* Default-568h@2x.png */ = {isa = PBXFileReference; lastKnownFileType = image.png; name = "Default-568h@2x.png"; path = "../Default-568h@2x.png"; sourceTree = "<group>"; };
		E4177A75164A95190035B080 /* sideBarBGTextile.png */ = {isa = PBXFileReference; lastKnownFileType = image.png; path = sideBarBGTextile.png; sourceTree = "<group>"; };
		E4177A76164A95190035B080 /* sideBarBGTextile@2x.png */ = {isa = PBXFileReference; lastKnownFileType = image.png; path = "sideBarBGTextile@2x.png"; sourceTree = "<group>"; };
		E4177A79164A96230035B080 /* SideViewController.h */ = {isa = PBXFileReference; fileEncoding = 4; lastKnownFileType = sourcecode.c.h; path = SideViewController.h; sourceTree = "<group>"; };
		E4177A7A164A96230035B080 /* SideViewController.m */ = {isa = PBXFileReference; fileEncoding = 4; lastKnownFileType = sourcecode.c.objc; path = SideViewController.m; sourceTree = "<group>"; };
		E4177A80164AA5DF0035B080 /* sideTopBar.png */ = {isa = PBXFileReference; lastKnownFileType = image.png; path = sideTopBar.png; sourceTree = "<group>"; };
		E4177A81164AA5DF0035B080 /* sideTopBar@2x.png */ = {isa = PBXFileReference; lastKnownFileType = image.png; path = "sideTopBar@2x.png"; sourceTree = "<group>"; };
		E4177ACA164ACC6F0035B080 /* IIViewDeckController.h */ = {isa = PBXFileReference; fileEncoding = 4; lastKnownFileType = sourcecode.c.h; path = IIViewDeckController.h; sourceTree = "<group>"; };
		E4177ACB164ACC6F0035B080 /* IIViewDeckController.m */ = {isa = PBXFileReference; fileEncoding = 4; lastKnownFileType = sourcecode.c.objc; path = IIViewDeckController.m; sourceTree = "<group>"; };
		E4177ACC164ACC6F0035B080 /* WrapController.h */ = {isa = PBXFileReference; fileEncoding = 4; lastKnownFileType = sourcecode.c.h; path = WrapController.h; sourceTree = "<group>"; };
		E4177ACD164ACC6F0035B080 /* WrapController.m */ = {isa = PBXFileReference; fileEncoding = 4; lastKnownFileType = sourcecode.c.objc; path = WrapController.m; sourceTree = "<group>"; };
		E4177AD5164B20090035B080 /* GHMenuCell.h */ = {isa = PBXFileReference; fileEncoding = 4; lastKnownFileType = sourcecode.c.h; path = GHMenuCell.h; sourceTree = "<group>"; };
		E4177AD6164B20090035B080 /* GHMenuCell.m */ = {isa = PBXFileReference; fileEncoding = 4; lastKnownFileType = sourcecode.c.objc; path = GHMenuCell.m; sourceTree = "<group>"; };
		E4177AE3164C63D10035B080 /* sideBarSelection.png */ = {isa = PBXFileReference; lastKnownFileType = image.png; path = sideBarSelection.png; sourceTree = "<group>"; };
		E4177AE4164C63D10035B080 /* sideBarSelection@2x.png */ = {isa = PBXFileReference; lastKnownFileType = image.png; path = "sideBarSelection@2x.png"; sourceTree = "<group>"; };
		E4177AE7164C65060035B080 /* UIImage+Opacity.h */ = {isa = PBXFileReference; fileEncoding = 4; lastKnownFileType = sourcecode.c.h; path = "UIImage+Opacity.h"; sourceTree = "<group>"; };
		E4177AE8164C65060035B080 /* UIImage+Opacity.m */ = {isa = PBXFileReference; fileEncoding = 4; lastKnownFileType = sourcecode.c.objc; path = "UIImage+Opacity.m"; sourceTree = "<group>"; };
		E4177AEA164C66220035B080 /* nav_menu_icon.png */ = {isa = PBXFileReference; lastKnownFileType = image.png; path = nav_menu_icon.png; sourceTree = "<group>"; };
		E4177AEB164C66220035B080 /* nav_menu_icon@2x.png */ = {isa = PBXFileReference; lastKnownFileType = image.png; path = "nav_menu_icon@2x.png"; sourceTree = "<group>"; };
		E4177AF3164C77CA0035B080 /* .htaccess */ = {isa = PBXFileReference; fileEncoding = 4; lastKnownFileType = text; path = .htaccess; sourceTree = "<group>"; };
		E4177AF5164C77CA0035B080 /* readability-start.js */ = {isa = PBXFileReference; fileEncoding = 4; lastKnownFileType = sourcecode.javascript; path = "readability-start.js"; sourceTree = "<group>"; };
		E4177AF6164C77CA0035B080 /* jquery-1.3.1.min.js */ = {isa = PBXFileReference; fileEncoding = 4; lastKnownFileType = sourcecode.javascript; path = "jquery-1.3.1.min.js"; sourceTree = "<group>"; };
		E4177AF7164C77CA0035B080 /* readability-0.1-debug.js */ = {isa = PBXFileReference; fileEncoding = 4; lastKnownFileType = sourcecode.javascript; path = "readability-0.1-debug.js"; sourceTree = "<group>"; };
		E4177AF8164C77CA0035B080 /* readability-start.js */ = {isa = PBXFileReference; fileEncoding = 4; lastKnownFileType = sourcecode.javascript; path = "readability-start.js"; sourceTree = "<group>"; };
		E4177AF9164C77CA0035B080 /* readability.js */ = {isa = PBXFileReference; fileEncoding = 4; lastKnownFileType = sourcecode.javascript; path = readability.js; sourceTree = "<group>"; };
		E4177B02164C7A790035B080 /* readability-home.css */ = {isa = PBXFileReference; fileEncoding = 4; lastKnownFileType = text.css; path = "readability-home.css"; sourceTree = "<group>"; };
		E4177B03164C7A790035B080 /* readability-home.css */ = {isa = PBXFileReference; fileEncoding = 4; lastKnownFileType = text.css; path = "readability-home.css"; sourceTree = "<group>"; };
		E4177B04164C7A790035B080 /* readability-print.css */ = {isa = PBXFileReference; fileEncoding = 4; lastKnownFileType = text.css; path = "readability-print.css"; sourceTree = "<group>"; };
		E4177B05164C7A790035B080 /* readability.css */ = {isa = PBXFileReference; fileEncoding = 4; lastKnownFileType = text.css; path = readability.css; sourceTree = "<group>"; };
		E418E0D3162E32DE0046C8D7 /* toolbar_article_view.png */ = {isa = PBXFileReference; lastKnownFileType = image.png; path = toolbar_article_view.png; sourceTree = "<group>"; };
		E418E0D4162E32DE0046C8D7 /* toolbar_article_view@2x.png */ = {isa = PBXFileReference; lastKnownFileType = image.png; path = "toolbar_article_view@2x.png"; sourceTree = "<group>"; };
		E418E0D5162E32DE0046C8D7 /* toolbar_web_view.png */ = {isa = PBXFileReference; lastKnownFileType = image.png; path = toolbar_web_view.png; sourceTree = "<group>"; };
		E418E0D6162E32DE0046C8D7 /* toolbar_web_view@2x.png */ = {isa = PBXFileReference; lastKnownFileType = image.png; path = "toolbar_web_view@2x.png"; sourceTree = "<group>"; };
		E4378FCA1628D620008A85DF /* TongjiXuanke.app */ = {isa = PBXFileReference; explicitFileType = wrapper.application; includeInIndex = 0; path = TongjiXuanke.app; sourceTree = BUILT_PRODUCTS_DIR; };
		E4378FCE1628D620008A85DF /* UIKit.framework */ = {isa = PBXFileReference; lastKnownFileType = wrapper.framework; name = UIKit.framework; path = System/Library/Frameworks/UIKit.framework; sourceTree = SDKROOT; };
		E4378FD01628D620008A85DF /* Foundation.framework */ = {isa = PBXFileReference; lastKnownFileType = wrapper.framework; name = Foundation.framework; path = System/Library/Frameworks/Foundation.framework; sourceTree = SDKROOT; };
		E4378FD21628D620008A85DF /* CoreGraphics.framework */ = {isa = PBXFileReference; lastKnownFileType = wrapper.framework; name = CoreGraphics.framework; path = System/Library/Frameworks/CoreGraphics.framework; sourceTree = SDKROOT; };
		E4378FD61628D620008A85DF /* TongjiXuanke-Info.plist */ = {isa = PBXFileReference; lastKnownFileType = text.plist.xml; path = "TongjiXuanke-Info.plist"; sourceTree = "<group>"; };
		E4378FDA1628D620008A85DF /* main.m */ = {isa = PBXFileReference; lastKnownFileType = sourcecode.c.objc; path = main.m; sourceTree = "<group>"; };
		E4378FDC1628D620008A85DF /* TongjiXuanke-Prefix.pch */ = {isa = PBXFileReference; lastKnownFileType = sourcecode.c.h; path = "TongjiXuanke-Prefix.pch"; sourceTree = "<group>"; };
		E4378FDD1628D620008A85DF /* AppDelegate.h */ = {isa = PBXFileReference; lastKnownFileType = sourcecode.c.h; path = AppDelegate.h; sourceTree = "<group>"; };
		E4378FDE1628D620008A85DF /* AppDelegate.m */ = {isa = PBXFileReference; lastKnownFileType = sourcecode.c.objc; path = AppDelegate.m; sourceTree = "<group>"; };
		E4379008162B393E008A85DF /* cellBG@2x.png */ = {isa = PBXFileReference; lastKnownFileType = image.png; path = "cellBG@2x.png"; sourceTree = "<group>"; };
		E4379009162B393E008A85DF /* cellBG.png */ = {isa = PBXFileReference; lastKnownFileType = image.png; path = cellBG.png; sourceTree = "<group>"; };
		E437900C162B3B84008A85DF /* cellAccessory@2x.png */ = {isa = PBXFileReference; lastKnownFileType = image.png; path = "cellAccessory@2x.png"; sourceTree = "<group>"; };
		E437900D162B3B84008A85DF /* cellAccessory.png */ = {isa = PBXFileReference; lastKnownFileType = image.png; path = cellAccessory.png; sourceTree = "<group>"; };
		E4379010162B47AD008A85DF /* cellUnread.png */ = {isa = PBXFileReference; lastKnownFileType = image.png; path = cellUnread.png; sourceTree = "<group>"; };
		E4379012162B47B2008A85DF /* cellUnread@2x.png */ = {isa = PBXFileReference; lastKnownFileType = image.png; path = "cellUnread@2x.png"; sourceTree = "<group>"; };
		E4379018162B4872008A85DF /* NewsCell.h */ = {isa = PBXFileReference; fileEncoding = 4; lastKnownFileType = sourcecode.c.h; path = NewsCell.h; sourceTree = "<group>"; };
		E4379019162B4872008A85DF /* NewsCell.m */ = {isa = PBXFileReference; fileEncoding = 4; lastKnownFileType = sourcecode.c.objc; path = NewsCell.m; sourceTree = "<group>"; };
		E4379022162B54F5008A85DF /* NewsTableViewController.h */ = {isa = PBXFileReference; fileEncoding = 4; lastKnownFileType = sourcecode.c.h; name = NewsTableViewController.h; path = ../NewsTableViewController.h; sourceTree = "<group>"; };
		E4379023162B54F5008A85DF /* NewsTableViewController.m */ = {isa = PBXFileReference; fileEncoding = 4; lastKnownFileType = sourcecode.c.objc; name = NewsTableViewController.m; path = ../NewsTableViewController.m; sourceTree = "<group>"; };
		E4379026162B58BB008A85DF /* NewsFeedProtocal.h */ = {isa = PBXFileReference; lastKnownFileType = sourcecode.c.h; path = NewsFeedProtocal.h; sourceTree = "<group>"; };
		E4379027162B58C7008A85DF /* NewsLoaderProtocal.h */ = {isa = PBXFileReference; lastKnownFileType = sourcecode.c.h; path = NewsLoaderProtocal.h; sourceTree = "<group>"; };
		E4379028162B58C7008A85DF /* XuankeModel.h */ = {isa = PBXFileReference; lastKnownFileType = sourcecode.c.h; path = XuankeModel.h; sourceTree = "<group>"; };
		E4379029162B58C7008A85DF /* XuankeModel.m */ = {isa = PBXFileReference; lastKnownFileType = sourcecode.c.objc; path = XuankeModel.m; sourceTree = "<group>"; };
		E437902B162B5FB1008A85DF /* nav_bar_bg.png */ = {isa = PBXFileReference; lastKnownFileType = image.png; path = nav_bar_bg.png; sourceTree = "<group>"; };
		E437902C162B5FB1008A85DF /* nav_bar_bg@2x.png */ = {isa = PBXFileReference; lastKnownFileType = image.png; path = "nav_bar_bg@2x.png"; sourceTree = "<group>"; };
		E4379030162B6147008A85DF /* UILabel+Addition.h */ = {isa = PBXFileReference; fileEncoding = 4; lastKnownFileType = sourcecode.c.h; path = "UILabel+Addition.h"; sourceTree = "<group>"; };
		E4379031162B6147008A85DF /* UILabel+Addition.m */ = {isa = PBXFileReference; fileEncoding = 4; lastKnownFileType = sourcecode.c.objc; path = "UILabel+Addition.m"; sourceTree = "<group>"; };
		E4379033162B6233008A85DF /* bg@2x.png */ = {isa = PBXFileReference; lastKnownFileType = image.png; path = "bg@2x.png"; sourceTree = "<group>"; };
		E4379034162B6233008A85DF /* bg.png */ = {isa = PBXFileReference; lastKnownFileType = image.png; path = bg.png; sourceTree = "<group>"; };
		E4379041162B6777008A85DF /* NSString+MD5Addition.h */ = {isa = PBXFileReference; lastKnownFileType = sourcecode.c.h; path = "NSString+MD5Addition.h"; sourceTree = "<group>"; };
		E4379042162B6777008A85DF /* NSString+MD5Addition.m */ = {isa = PBXFileReference; lastKnownFileType = sourcecode.c.objc; path = "NSString+MD5Addition.m"; sourceTree = "<group>"; };
		E4379043162B6777008A85DF /* UIDevice+IdentifierAddition.h */ = {isa = PBXFileReference; lastKnownFileType = sourcecode.c.h; path = "UIDevice+IdentifierAddition.h"; sourceTree = "<group>"; };
		E4379044162B6777008A85DF /* UIDevice+IdentifierAddition.m */ = {isa = PBXFileReference; lastKnownFileType = sourcecode.c.objc; path = "UIDevice+IdentifierAddition.m"; sourceTree = "<group>"; };
		E4379045162B68FC008A85DF /* MyTabBarController.h */ = {isa = PBXFileReference; fileEncoding = 4; lastKnownFileType = sourcecode.c.h; path = MyTabBarController.h; sourceTree = "<group>"; };
		E4379046162B68FC008A85DF /* MyTabBarController.m */ = {isa = PBXFileReference; fileEncoding = 4; lastKnownFileType = sourcecode.c.objc; path = MyTabBarController.m; sourceTree = "<group>"; };
		E437904C162B6AC6008A85DF /* tabbarBG.png */ = {isa = PBXFileReference; lastKnownFileType = image.png; path = tabbarBG.png; sourceTree = "<group>"; };
		E437904D162B6AC6008A85DF /* tabbarBG@2x.png */ = {isa = PBXFileReference; lastKnownFileType = image.png; path = "tabbarBG@2x.png"; sourceTree = "<group>"; };
		E4379064162B7279008A85DF /* item0_selected@2x.png */ = {isa = PBXFileReference; lastKnownFileType = image.png; path = "item0_selected@2x.png"; sourceTree = "<group>"; };
		E4379065162B7279008A85DF /* item0_unselected@2x.png */ = {isa = PBXFileReference; lastKnownFileType = image.png; path = "item0_unselected@2x.png"; sourceTree = "<group>"; };
		E4379068162B7280008A85DF /* item0_selected.png */ = {isa = PBXFileReference; lastKnownFileType = image.png; path = item0_selected.png; sourceTree = "<group>"; };
		E4379069162B7280008A85DF /* item0_unselected.png */ = {isa = PBXFileReference; lastKnownFileType = image.png; path = item0_unselected.png; sourceTree = "<group>"; };
		E4379074162B7411008A85DF /* item1_unselected@2x.png */ = {isa = PBXFileReference; lastKnownFileType = image.png; path = "item1_unselected@2x.png"; sourceTree = "<group>"; };
		E4379075162B7411008A85DF /* item1_selected@2x.png */ = {isa = PBXFileReference; lastKnownFileType = image.png; path = "item1_selected@2x.png"; sourceTree = "<group>"; };
		E4379076162B7411008A85DF /* item1_selected.png */ = {isa = PBXFileReference; lastKnownFileType = image.png; path = item1_selected.png; sourceTree = "<group>"; };
		E4379077162B7411008A85DF /* item1_unselected.png */ = {isa = PBXFileReference; lastKnownFileType = image.png; path = item1_unselected.png; sourceTree = "<group>"; };
		E437907C162B74D0008A85DF /* item2_unselected@2x.png */ = {isa = PBXFileReference; lastKnownFileType = image.png; path = "item2_unselected@2x.png"; sourceTree = "<group>"; };
		E437907D162B74D0008A85DF /* item2_selected@2x.png */ = {isa = PBXFileReference; lastKnownFileType = image.png; path = "item2_selected@2x.png"; sourceTree = "<group>"; };
		E437907E162B74D0008A85DF /* item2_selected.png */ = {isa = PBXFileReference; lastKnownFileType = image.png; path = item2_selected.png; sourceTree = "<group>"; };
		E437907F162B74D0008A85DF /* item2_unselected.png */ = {isa = PBXFileReference; lastKnownFileType = image.png; path = item2_unselected.png; sourceTree = "<group>"; };
		E4379084162B7597008A85DF /* selectedIndicator@2x.png */ = {isa = PBXFileReference; lastKnownFileType = image.png; path = "selectedIndicator@2x.png"; sourceTree = "<group>"; };
		E4379085162B7597008A85DF /* selectedIndicator.png */ = {isa = PBXFileReference; lastKnownFileType = image.png; path = selectedIndicator.png; sourceTree = "<group>"; };
		E4379094162C3047008A85DF /* Model.xcdatamodel */ = {isa = PBXFileReference; lastKnownFileType = wrapper.xcdatamodel; path = Model.xcdatamodel; sourceTree = "<group>"; };
		E43790A6162C6796008A85DF /* CoreData.framework */ = {isa = PBXFileReference; lastKnownFileType = wrapper.framework; name = CoreData.framework; path = System/Library/Frameworks/CoreData.framework; sourceTree = SDKROOT; };
		E43790BE162C75B4008A85DF /* MyDataStorage.h */ = {isa = PBXFileReference; lastKnownFileType = sourcecode.c.h; path = MyDataStorage.h; sourceTree = "<group>"; };
		E43790BF162C75B4008A85DF /* MyDataStorage.m */ = {isa = PBXFileReference; lastKnownFileType = sourcecode.c.objc; path = MyDataStorage.m; sourceTree = "<group>"; };
		E43790C2162C7D75008A85DF /* Category.h */ = {isa = PBXFileReference; fileEncoding = 4; lastKnownFileType = sourcecode.c.h; path = Category.h; sourceTree = "<group>"; };
		E43790C3162C7D75008A85DF /* Category.m */ = {isa = PBXFileReference; fileEncoding = 4; lastKnownFileType = sourcecode.c.objc; path = Category.m; sourceTree = "<group>"; };
		E43790C5162C7D75008A85DF /* News.h */ = {isa = PBXFileReference; fileEncoding = 4; lastKnownFileType = sourcecode.c.h; path = News.h; sourceTree = "<group>"; };
		E43790C6162C7D75008A85DF /* News.m */ = {isa = PBXFileReference; fileEncoding = 4; lastKnownFileType = sourcecode.c.objc; path = News.m; sourceTree = "<group>"; };
		E43790C8162C82FD008A85DF /* NSString+TimeConvertion.h */ = {isa = PBXFileReference; fileEncoding = 4; lastKnownFileType = sourcecode.c.h; name = "NSString+TimeConvertion.h"; path = "TongjiXuanke/NSString+TimeConvertion.h"; sourceTree = "<group>"; };
		E43790C9162C82FD008A85DF /* NSString+TimeConvertion.m */ = {isa = PBXFileReference; fileEncoding = 4; lastKnownFileType = sourcecode.c.objc; name = "NSString+TimeConvertion.m"; path = "TongjiXuanke/NSString+TimeConvertion.m"; sourceTree = "<group>"; };
		E43790D3162CA0CB008A85DF /* NewsDetailViewController.h */ = {isa = PBXFileReference; fileEncoding = 4; lastKnownFileType = sourcecode.c.h; path = NewsDetailViewController.h; sourceTree = "<group>"; };
		E43790D4162CA0CD008A85DF /* NewsDetailViewController.m */ = {isa = PBXFileReference; fileEncoding = 4; lastKnownFileType = sourcecode.c.objc; path = NewsDetailViewController.m; sourceTree = "<group>"; };
		E43790D6162CACD5008A85DF /* detailTitle.png */ = {isa = PBXFileReference; lastKnownFileType = image.png; path = detailTitle.png; sourceTree = "<group>"; };
		E43790D7162CACD5008A85DF /* detailTitle@2x.png */ = {isa = PBXFileReference; lastKnownFileType = image.png; path = "detailTitle@2x.png"; sourceTree = "<group>"; };
		E43790DE162CB4FB008A85DF /* UIBarButtonItem+Addtion.h */ = {isa = PBXFileReference; fileEncoding = 4; lastKnownFileType = sourcecode.c.h; path = "UIBarButtonItem+Addtion.h"; sourceTree = "<group>"; };
		E43790DF162CB4FB008A85DF /* UIBarButtonItem+Addtion.m */ = {isa = PBXFileReference; fileEncoding = 4; lastKnownFileType = sourcecode.c.objc; path = "UIBarButtonItem+Addtion.m"; sourceTree = "<group>"; };
		E43790E1162CB5BF008A85DF /* nav_bar_btn_back_hl.png */ = {isa = PBXFileReference; lastKnownFileType = image.png; path = nav_bar_btn_back_hl.png; sourceTree = "<group>"; };
		E43790E2162CB5C0008A85DF /* nav_bar_btn_back_hl@2x.png */ = {isa = PBXFileReference; lastKnownFileType = image.png; path = "nav_bar_btn_back_hl@2x.png"; sourceTree = "<group>"; };
		E43790E3162CB5C0008A85DF /* nav_bar_btn_back.png */ = {isa = PBXFileReference; lastKnownFileType = image.png; path = nav_bar_btn_back.png; sourceTree = "<group>"; };
		E43790E4162CB5C1008A85DF /* nav_bar_btn_back@2x.png */ = {isa = PBXFileReference; lastKnownFileType = image.png; path = "nav_bar_btn_back@2x.png"; sourceTree = "<group>"; };
		E44B07EF16455F8D0050FB18 /* logo.png */ = {isa = PBXFileReference; lastKnownFileType = image.png; path = logo.png; sourceTree = "<group>"; };
		E44B07F016455F8D0050FB18 /* logo@2x.png */ = {isa = PBXFileReference; lastKnownFileType = image.png; path = "logo@2x.png"; sourceTree = "<group>"; };
		E44B07FA1645612E0050FB18 /* loginBG.png */ = {isa = PBXFileReference; lastKnownFileType = image.png; path = loginBG.png; sourceTree = "<group>"; };
		E44B07FB1645612E0050FB18 /* loginBG@2x.png */ = {isa = PBXFileReference; lastKnownFileType = image.png; path = "loginBG@2x.png"; sourceTree = "<group>"; };
		E44B07FE164563960050FB18 /* loginFields@2x.png */ = {isa = PBXFileReference; lastKnownFileType = image.png; path = "loginFields@2x.png"; sourceTree = "<group>"; };
		E44B07FF164563960050FB18 /* loginFields.png */ = {isa = PBXFileReference; lastKnownFileType = image.png; path = loginFields.png; sourceTree = "<group>"; };
		E44B080C16456ABA0050FB18 /* zh-Hans */ = {isa = PBXFileReference; lastKnownFileType = file.storyboard; name = "zh-Hans"; path = "zh-Hans.lproj/MainStoryboard.storyboard"; sourceTree = "<group>"; };
		E44B080E16456ABA0050FB18 /* zh-Hans */ = {isa = PBXFileReference; lastKnownFileType = text.plist.strings; name = "zh-Hans"; path = "zh-Hans.lproj/InfoPlist.strings"; sourceTree = "<group>"; };
		E44B080F164572270050FB18 /* LoginViewController.h */ = {isa = PBXFileReference; fileEncoding = 4; lastKnownFileType = sourcecode.c.h; path = LoginViewController.h; sourceTree = "<group>"; };
		E44B0810164572270050FB18 /* LoginViewController.m */ = {isa = PBXFileReference; fileEncoding = 4; lastKnownFileType = sourcecode.c.objc; path = LoginViewController.m; sourceTree = "<group>"; };
		E44B081D164583010050FB18 /* NSString+EncryptAndDecrypt.h */ = {isa = PBXFileReference; fileEncoding = 4; lastKnownFileType = sourcecode.c.h; path = "NSString+EncryptAndDecrypt.h"; sourceTree = "<group>"; };
		E44B081E164583010050FB18 /* NSString+EncryptAndDecrypt.m */ = {isa = PBXFileReference; fileEncoding = 4; lastKnownFileType = sourcecode.c.objc; path = "NSString+EncryptAndDecrypt.m"; sourceTree = "<group>"; };
		E44B082316458C4F0050FB18 /* LogInModal.h */ = {isa = PBXFileReference; fileEncoding = 4; lastKnownFileType = sourcecode.c.h; path = LogInModal.h; sourceTree = "<group>"; };
		E44B082416458C4F0050FB18 /* LogInModal.m */ = {isa = PBXFileReference; fileEncoding = 4; lastKnownFileType = sourcecode.c.objc; path = LogInModal.m; sourceTree = "<group>"; };
		E44B08301645B0380050FB18 /* AESCrypt.h */ = {isa = PBXFileReference; fileEncoding = 4; lastKnownFileType = sourcecode.c.h; path = AESCrypt.h; sourceTree = "<group>"; };
		E44B08311645B0380050FB18 /* AESCrypt.m */ = {isa = PBXFileReference; fileEncoding = 4; lastKnownFileType = sourcecode.c.objc; path = AESCrypt.m; sourceTree = "<group>"; };
		E44B08321645B0380050FB18 /* LICENSE */ = {isa = PBXFileReference; fileEncoding = 4; lastKnownFileType = text; path = LICENSE; sourceTree = "<group>"; };
		E44B08331645B0380050FB18 /* NSData+Base64.h */ = {isa = PBXFileReference; fileEncoding = 4; lastKnownFileType = sourcecode.c.h; path = "NSData+Base64.h"; sourceTree = "<group>"; };
		E44B08341645B0380050FB18 /* NSData+Base64.m */ = {isa = PBXFileReference; fileEncoding = 4; lastKnownFileType = sourcecode.c.objc; path = "NSData+Base64.m"; sourceTree = "<group>"; };
		E44B08351645B0380050FB18 /* NSData+CommonCrypto.h */ = {isa = PBXFileReference; fileEncoding = 4; lastKnownFileType = sourcecode.c.h; path = "NSData+CommonCrypto.h"; sourceTree = "<group>"; };
		E44B08361645B0380050FB18 /* NSData+CommonCrypto.m */ = {isa = PBXFileReference; fileEncoding = 4; lastKnownFileType = sourcecode.c.objc; path = "NSData+CommonCrypto.m"; sourceTree = "<group>"; };
		E44B08371645B0380050FB18 /* NSString+Base64.h */ = {isa = PBXFileReference; fileEncoding = 4; lastKnownFileType = sourcecode.c.h; path = "NSString+Base64.h"; sourceTree = "<group>"; };
		E44B08381645B0380050FB18 /* NSString+Base64.m */ = {isa = PBXFileReference; fileEncoding = 4; lastKnownFileType = sourcecode.c.objc; path = "NSString+Base64.m"; sourceTree = "<group>"; };
		E4997AD31631B2450020999B /* MBProgressHUD.h */ = {isa = PBXFileReference; fileEncoding = 4; lastKnownFileType = sourcecode.c.h; path = MBProgressHUD.h; sourceTree = "<group>"; };
		E4997AD41631B2450020999B /* MBProgressHUD.m */ = {isa = PBXFileReference; fileEncoding = 4; lastKnownFileType = sourcecode.c.objc; path = MBProgressHUD.m; sourceTree = "<group>"; };
		E4997ADA1631DAA20020999B /* SSEModel.h */ = {isa = PBXFileReference; fileEncoding = 4; lastKnownFileType = sourcecode.c.h; path = SSEModel.h; sourceTree = "<group>"; };
		E4997ADB1631DAA20020999B /* SSEModel.m */ = {isa = PBXFileReference; fileEncoding = 4; lastKnownFileType = sourcecode.c.objc; path = SSEModel.m; sourceTree = "<group>"; };
		E4997AE61631DE750020999B /* MWFeedInfo.h */ = {isa = PBXFileReference; fileEncoding = 4; lastKnownFileType = sourcecode.c.h; path = MWFeedInfo.h; sourceTree = "<group>"; };
		E4997AE71631DE750020999B /* MWFeedInfo.m */ = {isa = PBXFileReference; fileEncoding = 4; lastKnownFileType = sourcecode.c.objc; path = MWFeedInfo.m; sourceTree = "<group>"; };
		E4997AE81631DE750020999B /* MWFeedItem.h */ = {isa = PBXFileReference; fileEncoding = 4; lastKnownFileType = sourcecode.c.h; path = MWFeedItem.h; sourceTree = "<group>"; };
		E4997AE91631DE750020999B /* MWFeedItem.m */ = {isa = PBXFileReference; fileEncoding = 4; lastKnownFileType = sourcecode.c.objc; path = MWFeedItem.m; sourceTree = "<group>"; };
		E4997AEA1631DE750020999B /* MWFeedParser_Private.h */ = {isa = PBXFileReference; fileEncoding = 4; lastKnownFileType = sourcecode.c.h; path = MWFeedParser_Private.h; sourceTree = "<group>"; };
		E4997AEB1631DE750020999B /* MWFeedParser.h */ = {isa = PBXFileReference; fileEncoding = 4; lastKnownFileType = sourcecode.c.h; path = MWFeedParser.h; sourceTree = "<group>"; };
		E4997AEC1631DE750020999B /* MWFeedParser.m */ = {isa = PBXFileReference; fileEncoding = 4; lastKnownFileType = sourcecode.c.objc; path = MWFeedParser.m; sourceTree = "<group>"; };
		E4997AF01631DE880020999B /* NSDate+InternetDateTime.h */ = {isa = PBXFileReference; fileEncoding = 4; lastKnownFileType = sourcecode.c.h; path = "NSDate+InternetDateTime.h"; sourceTree = "<group>"; };
		E4997AF11631DE880020999B /* NSDate+InternetDateTime.m */ = {isa = PBXFileReference; fileEncoding = 4; lastKnownFileType = sourcecode.c.objc; path = "NSDate+InternetDateTime.m"; sourceTree = "<group>"; };
		E4997AF21631DE880020999B /* NSString+HTML.h */ = {isa = PBXFileReference; fileEncoding = 4; lastKnownFileType = sourcecode.c.h; path = "NSString+HTML.h"; sourceTree = "<group>"; };
		E4997AF31631DE880020999B /* NSString+HTML.m */ = {isa = PBXFileReference; fileEncoding = 4; lastKnownFileType = sourcecode.c.objc; path = "NSString+HTML.m"; sourceTree = "<group>"; };
		E4997AF61631DE980020999B /* GTMNSString+HTML.h */ = {isa = PBXFileReference; fileEncoding = 4; lastKnownFileType = sourcecode.c.h; path = "GTMNSString+HTML.h"; sourceTree = "<group>"; };
		E4997AF71631DE980020999B /* GTMNSString+HTML.m */ = {isa = PBXFileReference; fileEncoding = 4; lastKnownFileType = sourcecode.c.objc; path = "GTMNSString+HTML.m"; sourceTree = "<group>"; };
		E4997AF91631DEA50020999B /* NSString+XMLEntities.h */ = {isa = PBXFileReference; fileEncoding = 4; lastKnownFileType = sourcecode.c.h; path = "NSString+XMLEntities.h"; sourceTree = "<group>"; };
		E4997AFA1631DEA50020999B /* NSString+XMLEntities.m */ = {isa = PBXFileReference; fileEncoding = 4; lastKnownFileType = sourcecode.c.objc; path = "NSString+XMLEntities.m"; sourceTree = "<group>"; };
		E4997B0016320C130020999B /* icon.png */ = {isa = PBXFileReference; lastKnownFileType = image.png; path = icon.png; sourceTree = "<group>"; };
		E4997B0216320C1A0020999B /* icon@2x.png */ = {isa = PBXFileReference; lastKnownFileType = image.png; path = "icon@2x.png"; sourceTree = "<group>"; };
		E49B73EB1646720A00CE4324 /* SettingTableViewController.h */ = {isa = PBXFileReference; fileEncoding = 4; lastKnownFileType = sourcecode.c.h; path = SettingTableViewController.h; sourceTree = "<group>"; };
		E49B73EC1646720A00CE4324 /* SettingTableViewController.m */ = {isa = PBXFileReference; fileEncoding = 4; lastKnownFileType = sourcecode.c.objc; path = SettingTableViewController.m; sourceTree = "<group>"; };
		E49B73F716467D1100CE4324 /* MessageUI.framework */ = {isa = PBXFileReference; lastKnownFileType = wrapper.framework; name = MessageUI.framework; path = System/Library/Frameworks/MessageUI.framework; sourceTree = SDKROOT; };
		E49B73FD1646899D00CE4324 /* Social.framework */ = {isa = PBXFileReference; lastKnownFileType = wrapper.framework; name = Social.framework; path = System/Library/Frameworks/Social.framework; sourceTree = SDKROOT; };
		E49B740016468A3200CE4324 /* SocialShareModal.h */ = {isa = PBXFileReference; fileEncoding = 4; lastKnownFileType = sourcecode.c.h; path = SocialShareModal.h; sourceTree = "<group>"; };
		E49B740116468A3200CE4324 /* SocialShareModal.m */ = {isa = PBXFileReference; fileEncoding = 4; lastKnownFileType = sourcecode.c.objc; path = SocialShareModal.m; sourceTree = "<group>"; };
		E49B74151646C6F200CE4324 /* AbstractActionSheetPicker.h */ = {isa = PBXFileReference; fileEncoding = 4; lastKnownFileType = sourcecode.c.h; path = AbstractActionSheetPicker.h; sourceTree = "<group>"; };
		E49B74161646C6F200CE4324 /* AbstractActionSheetPicker.m */ = {isa = PBXFileReference; fileEncoding = 4; lastKnownFileType = sourcecode.c.objc; path = AbstractActionSheetPicker.m; sourceTree = "<group>"; };
		E49B74171646C6F200CE4324 /* ActionSheetDatePicker.h */ = {isa = PBXFileReference; fileEncoding = 4; lastKnownFileType = sourcecode.c.h; path = ActionSheetDatePicker.h; sourceTree = "<group>"; };
		E49B74181646C6F200CE4324 /* ActionSheetDatePicker.m */ = {isa = PBXFileReference; fileEncoding = 4; lastKnownFileType = sourcecode.c.objc; path = ActionSheetDatePicker.m; sourceTree = "<group>"; };
		E49B74191646C6F200CE4324 /* ActionSheetDistancePicker.h */ = {isa = PBXFileReference; fileEncoding = 4; lastKnownFileType = sourcecode.c.h; path = ActionSheetDistancePicker.h; sourceTree = "<group>"; };
		E49B741A1646C6F200CE4324 /* ActionSheetDistancePicker.m */ = {isa = PBXFileReference; fileEncoding = 4; lastKnownFileType = sourcecode.c.objc; path = ActionSheetDistancePicker.m; sourceTree = "<group>"; };
		E49B741B1646C6F200CE4324 /* ActionSheetStringPicker.h */ = {isa = PBXFileReference; fileEncoding = 4; lastKnownFileType = sourcecode.c.h; path = ActionSheetStringPicker.h; sourceTree = "<group>"; };
		E49B741C1646C6F200CE4324 /* ActionSheetStringPicker.m */ = {isa = PBXFileReference; fileEncoding = 4; lastKnownFileType = sourcecode.c.objc; path = ActionSheetStringPicker.m; sourceTree = "<group>"; };
		E49B741D1646C6F200CE4324 /* DistancePickerView.h */ = {isa = PBXFileReference; fileEncoding = 4; lastKnownFileType = sourcecode.c.h; path = DistancePickerView.h; sourceTree = "<group>"; };
		E49B741E1646C6F200CE4324 /* DistancePickerView.m */ = {isa = PBXFileReference; fileEncoding = 4; lastKnownFileType = sourcecode.c.objc; path = DistancePickerView.m; sourceTree = "<group>"; };
		E49B74251646C70C00CE4324 /* ActionSheetPicker.h */ = {isa = PBXFileReference; fileEncoding = 4; lastKnownFileType = sourcecode.c.h; path = ActionSheetPicker.h; sourceTree = "<group>"; };
		E4AFCCD61630217100358B1B /* fav_ribbon.png */ = {isa = PBXFileReference; lastKnownFileType = image.png; path = fav_ribbon.png; sourceTree = "<group>"; };
		E4AFCCDD1630230D00358B1B /* nav_bar_btn_finish_hl.png */ = {isa = PBXFileReference; lastKnownFileType = image.png; path = nav_bar_btn_finish_hl.png; sourceTree = "<group>"; };
		E4AFCCDE1630230D00358B1B /* nav_bar_btn_finish_hl@2x.png */ = {isa = PBXFileReference; lastKnownFileType = image.png; path = "nav_bar_btn_finish_hl@2x.png"; sourceTree = "<group>"; };
		E4AFCCDF1630230D00358B1B /* nav_bar_btn_finish.png */ = {isa = PBXFileReference; lastKnownFileType = image.png; path = nav_bar_btn_finish.png; sourceTree = "<group>"; };
		E4AFCCE01630230D00358B1B /* nav_bar_btn_finish@2x.png */ = {isa = PBXFileReference; lastKnownFileType = image.png; path = "nav_bar_btn_finish@2x.png"; sourceTree = "<group>"; };
		E4AFCCF01630248800358B1B /* blackArrow.png */ = {isa = PBXFileReference; lastKnownFileType = image.png; path = blackArrow.png; sourceTree = "<group>"; };
		E4AFCCF11630248800358B1B /* blackArrow@2x.png */ = {isa = PBXFileReference; lastKnownFileType = image.png; path = "blackArrow@2x.png"; sourceTree = "<group>"; };
		E4AFCCF21630248800358B1B /* blueArrow.png */ = {isa = PBXFileReference; lastKnownFileType = image.png; path = blueArrow.png; sourceTree = "<group>"; };
		E4AFCCF31630248800358B1B /* blueArrow@2x.png */ = {isa = PBXFileReference; lastKnownFileType = image.png; path = "blueArrow@2x.png"; sourceTree = "<group>"; };
		E4AFCCF41630248800358B1B /* grayArrow.png */ = {isa = PBXFileReference; lastKnownFileType = image.png; path = grayArrow.png; sourceTree = "<group>"; };
		E4AFCCF51630248800358B1B /* grayArrow@2x.png */ = {isa = PBXFileReference; lastKnownFileType = image.png; path = "grayArrow@2x.png"; sourceTree = "<group>"; };
		E4AFCCF61630248800358B1B /* whiteArrow.png */ = {isa = PBXFileReference; lastKnownFileType = image.png; path = whiteArrow.png; sourceTree = "<group>"; };
		E4AFCCF71630248800358B1B /* whiteArrow@2x.png */ = {isa = PBXFileReference; lastKnownFileType = image.png; path = "whiteArrow@2x.png"; sourceTree = "<group>"; };
		E4AFCD001630249100358B1B /* EGORefreshTableHeaderView.h */ = {isa = PBXFileReference; lastKnownFileType = sourcecode.c.h; path = EGORefreshTableHeaderView.h; sourceTree = "<group>"; };
		E4AFCD011630249100358B1B /* EGORefreshTableHeaderView.m */ = {isa = PBXFileReference; lastKnownFileType = sourcecode.c.objc; path = EGORefreshTableHeaderView.m; sourceTree = "<group>"; };
		E4AFCD031630256300358B1B /* QuartzCore.framework */ = {isa = PBXFileReference; lastKnownFileType = wrapper.framework; name = QuartzCore.framework; path = System/Library/Frameworks/QuartzCore.framework; sourceTree = SDKROOT; };
		E4AFCD05163028E800358B1B /* fav_star.png */ = {isa = PBXFileReference; lastKnownFileType = image.png; path = fav_star.png; sourceTree = "<group>"; };
		E4AFCD06163028E800358B1B /* fav_star@2x.png */ = {isa = PBXFileReference; lastKnownFileType = image.png; path = "fav_star@2x.png"; sourceTree = "<group>"; };
		E4AFCD151631884A00358B1B /* SystemConfiguration.framework */ = {isa = PBXFileReference; lastKnownFileType = wrapper.framework; name = SystemConfiguration.framework; path = System/Library/Frameworks/SystemConfiguration.framework; sourceTree = SDKROOT; };
		E4AFCD1A1631889700358B1B /* Reachability.h */ = {isa = PBXFileReference; fileEncoding = 4; lastKnownFileType = sourcecode.c.h; path = Reachability.h; sourceTree = "<group>"; };
		E4AFCD1B1631889700358B1B /* Reachability.m */ = {isa = PBXFileReference; fileEncoding = 4; lastKnownFileType = sourcecode.c.objc; path = Reachability.m; sourceTree = "<group>"; };
		E4AFCD1D1631895A00358B1B /* ReachabilityChecker.h */ = {isa = PBXFileReference; fileEncoding = 4; lastKnownFileType = sourcecode.c.h; path = ReachabilityChecker.h; sourceTree = "<group>"; };
		E4AFCD1E1631895A00358B1B /* ReachabilityChecker.m */ = {isa = PBXFileReference; fileEncoding = 4; lastKnownFileType = sourcecode.c.objc; path = ReachabilityChecker.m; sourceTree = "<group>"; };
		E4AFCD2016318CBF00358B1B /* SettingModal.h */ = {isa = PBXFileReference; fileEncoding = 4; lastKnownFileType = sourcecode.c.h; path = SettingModal.h; sourceTree = "<group>"; };
		E4AFCD2116318CBF00358B1B /* SettingModal.m */ = {isa = PBXFileReference; fileEncoding = 4; lastKnownFileType = sourcecode.c.objc; path = SettingModal.m; sourceTree = "<group>"; };
		E4C33B8216481E8500E65C6B /* APNSManager.h */ = {isa = PBXFileReference; fileEncoding = 4; lastKnownFileType = sourcecode.c.h; name = APNSManager.h; path = ../APNSManager.h; sourceTree = "<group>"; };
		E4C33B8316481E8500E65C6B /* APNSManager.m */ = {isa = PBXFileReference; fileEncoding = 4; lastKnownFileType = sourcecode.c.objc; name = APNSManager.m; path = ../APNSManager.m; sourceTree = "<group>"; };
		E4DA0CCE1648329C0076897A /* CategorySelectionViewController.h */ = {isa = PBXFileReference; fileEncoding = 4; lastKnownFileType = sourcecode.c.h; path = CategorySelectionViewController.h; sourceTree = "<group>"; };
		E4DA0CCF1648329C0076897A /* CategorySelectionViewController.m */ = {isa = PBXFileReference; fileEncoding = 4; lastKnownFileType = sourcecode.c.objc; path = CategorySelectionViewController.m; sourceTree = "<group>"; };
/* End PBXFileReference section */

/* Begin PBXFrameworksBuildPhase section */
		E4378FC71628D620008A85DF /* Frameworks */ = {
			isa = PBXFrameworksBuildPhase;
			buildActionMask = 2147483647;
			files = (
				E49B73FE1646899D00CE4324 /* Social.framework in Frameworks */,
				E49B73F816467D1100CE4324 /* MessageUI.framework in Frameworks */,
				E4AFCD161631884A00358B1B /* SystemConfiguration.framework in Frameworks */,
				E4AFCD041630256300358B1B /* QuartzCore.framework in Frameworks */,
				E43790A7162C6796008A85DF /* CoreData.framework in Frameworks */,
				E4378FCF1628D620008A85DF /* UIKit.framework in Frameworks */,
				E4378FD11628D620008A85DF /* Foundation.framework in Frameworks */,
				E4378FD31628D620008A85DF /* CoreGraphics.framework in Frameworks */,
			);
			runOnlyForDeploymentPostprocessing = 0;
		};
/* End PBXFrameworksBuildPhase section */

/* Begin PBXGroup section */
		E4177A1D16484C970035B080 /* Modals */ = {
			isa = PBXGroup;
			children = (
				E4C33B8216481E8500E65C6B /* APNSManager.h */,
				E4C33B8316481E8500E65C6B /* APNSManager.m */,
				E4AFCD1D1631895A00358B1B /* ReachabilityChecker.h */,
				E4AFCD1E1631895A00358B1B /* ReachabilityChecker.m */,
				E4AFCD2016318CBF00358B1B /* SettingModal.h */,
				E4AFCD2116318CBF00358B1B /* SettingModal.m */,
			);
			name = Modals;
			sourceTree = "<group>";
		};
		E4177A1E16484CEF0035B080 /* NewsList */ = {
			isa = PBXGroup;
			children = (
				E4379022162B54F5008A85DF /* NewsTableViewController.h */,
				E4379023162B54F5008A85DF /* NewsTableViewController.m */,
				E4379018162B4872008A85DF /* NewsCell.h */,
				E4379019162B4872008A85DF /* NewsCell.m */,
				E43790D3162CA0CB008A85DF /* NewsDetailViewController.h */,
				E43790D4162CA0CD008A85DF /* NewsDetailViewController.m */,
			);
			name = NewsList;
			sourceTree = "<group>";
		};
		E4177A1F16484D0F0035B080 /* Setting */ = {
			isa = PBXGroup;
			children = (
				E49B73EB1646720A00CE4324 /* SettingTableViewController.h */,
				E49B73EC1646720A00CE4324 /* SettingTableViewController.m */,
				E4DA0CCE1648329C0076897A /* CategorySelectionViewController.h */,
				E4DA0CCF1648329C0076897A /* CategorySelectionViewController.m */,
			);
			name = Setting;
			sourceTree = "<group>";
		};
		E4177AC9164ACC6F0035B080 /* ViewDeck */ = {
			isa = PBXGroup;
			children = (
				E4177ACA164ACC6F0035B080 /* IIViewDeckController.h */,
				E4177ACB164ACC6F0035B080 /* IIViewDeckController.m */,
				E4177ACC164ACC6F0035B080 /* WrapController.h */,
				E4177ACD164ACC6F0035B080 /* WrapController.m */,
			);
			path = ViewDeck;
			sourceTree = "<group>";
		};
		E4177AD4164B1FFA0035B080 /* SideSlideMenu */ = {
			isa = PBXGroup;
			children = (
				E4177A79164A96230035B080 /* SideViewController.h */,
				E4177A7A164A96230035B080 /* SideViewController.m */,
				E4177AD5164B20090035B080 /* GHMenuCell.h */,
				E4177AD6164B20090035B080 /* GHMenuCell.m */,
			);
			name = SideSlideMenu;
			sourceTree = "<group>";
		};
		E4177AF2164C77C90035B080 /* readability */ = {
			isa = PBXGroup;
			children = (
				E4177B00164C7A790035B080 /* css */,
				E4177B0A164C7A920035B080 /* js */,
			);
			name = readability;
			path = js;
			sourceTree = "<group>";
		};
		E4177AF4164C77CA0035B080 /* es */ = {
			isa = PBXGroup;
			children = (
				E4177AF5164C77CA0035B080 /* readability-start.js */,
			);
			path = es;
			sourceTree = "<group>";
		};
		E4177B00164C7A790035B080 /* css */ = {
			isa = PBXGroup;
			children = (
				E4177B01164C7A790035B080 /* es */,
				E4177B03164C7A790035B080 /* readability-home.css */,
				E4177B04164C7A790035B080 /* readability-print.css */,
				E4177B05164C7A790035B080 /* readability.css */,
			);
			path = css;
			sourceTree = "<group>";
		};
		E4177B01164C7A790035B080 /* es */ = {
			isa = PBXGroup;
			children = (
				E4177B02164C7A790035B080 /* readability-home.css */,
			);
			path = es;
			sourceTree = "<group>";
		};
		E4177B0A164C7A920035B080 /* js */ = {
			isa = PBXGroup;
			children = (
				E4177AF3164C77CA0035B080 /* .htaccess */,
				E4177AF4164C77CA0035B080 /* es */,
				E4177AF6164C77CA0035B080 /* jquery-1.3.1.min.js */,
				E4177AF7164C77CA0035B080 /* readability-0.1-debug.js */,
				E4177AF8164C77CA0035B080 /* readability-start.js */,
				E4177AF9164C77CA0035B080 /* readability.js */,
			);
			name = js;
			sourceTree = "<group>";
		};
		E4378FBF1628D61F008A85DF = {
			isa = PBXGroup;
			children = (
				E4AFCCE91630242100358B1B /* libs */,
				E4379097162C3746008A85DF /* CoreData */,
				E437902F162B60EA008A85DF /* Catagory */,
				E4379003162B38A6008A85DF /* Resource */,
				E4378FD41628D620008A85DF /* TongjiXuanke */,
				E4378FCD1628D620008A85DF /* Frameworks */,
				E4378FCB1628D620008A85DF /* Products */,
			);
			sourceTree = "<group>";
		};
		E4378FCB1628D620008A85DF /* Products */ = {
			isa = PBXGroup;
			children = (
				E4378FCA1628D620008A85DF /* TongjiXuanke.app */,
			);
			name = Products;
			sourceTree = "<group>";
		};
		E4378FCD1628D620008A85DF /* Frameworks */ = {
			isa = PBXGroup;
			children = (
				E49B73FD1646899D00CE4324 /* Social.framework */,
				E49B73F716467D1100CE4324 /* MessageUI.framework */,
				E4AFCD151631884A00358B1B /* SystemConfiguration.framework */,
				E4AFCD031630256300358B1B /* QuartzCore.framework */,
				E43790A6162C6796008A85DF /* CoreData.framework */,
				E4378FCE1628D620008A85DF /* UIKit.framework */,
				E4378FD01628D620008A85DF /* Foundation.framework */,
				E4378FD21628D620008A85DF /* CoreGraphics.framework */,
			);
			name = Frameworks;
			sourceTree = "<group>";
		};
		E4378FD41628D620008A85DF /* TongjiXuanke */ = {
			isa = PBXGroup;
			children = (
				E4378FDD1628D620008A85DF /* AppDelegate.h */,
				E4378FDE1628D620008A85DF /* AppDelegate.m */,
				E4177A1D16484C970035B080 /* Modals */,
				E4379025162B58B2008A85DF /* NewsModal */,
				E4378FE61628D620008A85DF /* MainStoryboard.storyboard */,
				E44B080F164572270050FB18 /* LoginViewController.h */,
				E44B0810164572270050FB18 /* LoginViewController.m */,
				E4177A1E16484CEF0035B080 /* NewsList */,
				E4177A1F16484D0F0035B080 /* Setting */,
				E4379045162B68FC008A85DF /* MyTabBarController.h */,
				E4379046162B68FC008A85DF /* MyTabBarController.m */,
				E4177AD4164B1FFA0035B080 /* SideSlideMenu */,
				E4378FD51628D620008A85DF /* Supporting Files */,
			);
			path = TongjiXuanke;
			sourceTree = "<group>";
		};
		E4378FD51628D620008A85DF /* Supporting Files */ = {
			isa = PBXGroup;
			children = (
				E4378FD61628D620008A85DF /* TongjiXuanke-Info.plist */,
				E4378FD71628D620008A85DF /* InfoPlist.strings */,
				E4378FDA1628D620008A85DF /* main.m */,
				E4378FDC1628D620008A85DF /* TongjiXuanke-Prefix.pch */,
				E4177A2416485A3B0035B080 /* Default-568h@2x.png */,
				E4177A2216485A360035B080 /* Default@2x.png */,
				E4177A2016485A260035B080 /* Default.png */,
			);
			name = "Supporting Files";
			sourceTree = "<group>";
		};
		E4379003162B38A6008A85DF /* Resource */ = {
			isa = PBXGroup;
			children = (
				E4177AEA164C66220035B080 /* nav_menu_icon.png */,
				E4177AEB164C66220035B080 /* nav_menu_icon@2x.png */,
				E4177AE3164C63D10035B080 /* sideBarSelection.png */,
				E4177AE4164C63D10035B080 /* sideBarSelection@2x.png */,
				E4177A80164AA5DF0035B080 /* sideTopBar.png */,
				E4177A81164AA5DF0035B080 /* sideTopBar@2x.png */,
				E4177A75164A95190035B080 /* sideBarBGTextile.png */,
				E4177A76164A95190035B080 /* sideBarBGTextile@2x.png */,
				E4379034162B6233008A85DF /* bg.png */,
				E4379033162B6233008A85DF /* bg@2x.png */,
				E437900D162B3B84008A85DF /* cellAccessory.png */,
				E437900C162B3B84008A85DF /* cellAccessory@2x.png */,
				E4379009162B393E008A85DF /* cellBG.png */,
				E4379008162B393E008A85DF /* cellBG@2x.png */,
				E4379010162B47AD008A85DF /* cellUnread.png */,
				E4379012162B47B2008A85DF /* cellUnread@2x.png */,
				E43790D6162CACD5008A85DF /* detailTitle.png */,
				E43790D7162CACD5008A85DF /* detailTitle@2x.png */,
				E4AFCCD61630217100358B1B /* fav_ribbon.png */,
				E4AFCD05163028E800358B1B /* fav_star.png */,
				E4AFCD06163028E800358B1B /* fav_star@2x.png */,
				E4997B0016320C130020999B /* icon.png */,
				E4997B0216320C1A0020999B /* icon@2x.png */,
				E4379068162B7280008A85DF /* item0_selected.png */,
				E4379064162B7279008A85DF /* item0_selected@2x.png */,
				E4379069162B7280008A85DF /* item0_unselected.png */,
				E4379065162B7279008A85DF /* item0_unselected@2x.png */,
				E4379076162B7411008A85DF /* item1_selected.png */,
				E4379075162B7411008A85DF /* item1_selected@2x.png */,
				E4379077162B7411008A85DF /* item1_unselected.png */,
				E4379074162B7411008A85DF /* item1_unselected@2x.png */,
				E437907E162B74D0008A85DF /* item2_selected.png */,
				E437907D162B74D0008A85DF /* item2_selected@2x.png */,
				E437907F162B74D0008A85DF /* item2_unselected.png */,
				E437907C162B74D0008A85DF /* item2_unselected@2x.png */,
				E44B07EF16455F8D0050FB18 /* logo.png */,
				E44B07F016455F8D0050FB18 /* logo@2x.png */,
				E437902B162B5FB1008A85DF /* nav_bar_bg.png */,
				E437902C162B5FB1008A85DF /* nav_bar_bg@2x.png */,
				E43790E3162CB5C0008A85DF /* nav_bar_btn_back.png */,
				E43790E4162CB5C1008A85DF /* nav_bar_btn_back@2x.png */,
				E43790E1162CB5BF008A85DF /* nav_bar_btn_back_hl.png */,
				E43790E2162CB5C0008A85DF /* nav_bar_btn_back_hl@2x.png */,
				E4AFCCDF1630230D00358B1B /* nav_bar_btn_finish.png */,
				E4AFCCE01630230D00358B1B /* nav_bar_btn_finish@2x.png */,
				E4AFCCDD1630230D00358B1B /* nav_bar_btn_finish_hl.png */,
				E4AFCCDE1630230D00358B1B /* nav_bar_btn_finish_hl@2x.png */,
				E40607B8162E10120094475B /* newsdetail.html */,
				E4379085162B7597008A85DF /* selectedIndicator.png */,
				E4379084162B7597008A85DF /* selectedIndicator@2x.png */,
				E437904C162B6AC6008A85DF /* tabbarBG.png */,
				E437904D162B6AC6008A85DF /* tabbarBG@2x.png */,
				E40607B9162E10120094475B /* tongzhi.css */,
				E418E0D3162E32DE0046C8D7 /* toolbar_article_view.png */,
				E418E0D4162E32DE0046C8D7 /* toolbar_article_view@2x.png */,
				E418E0D5162E32DE0046C8D7 /* toolbar_web_view.png */,
				E418E0D6162E32DE0046C8D7 /* toolbar_web_view@2x.png */,
				E44B07FA1645612E0050FB18 /* loginBG.png */,
				E44B07FB1645612E0050FB18 /* loginBG@2x.png */,
				E44B07FE164563960050FB18 /* loginFields@2x.png */,
				E44B07FF164563960050FB18 /* loginFields.png */,
			);
			name = Resource;
			sourceTree = "<group>";
		};
		E4379025162B58B2008A85DF /* NewsModal */ = {
			isa = PBXGroup;
			children = (
				E4379026162B58BB008A85DF /* NewsFeedProtocal.h */,
				E4379027162B58C7008A85DF /* NewsLoaderProtocal.h */,
				E4379028162B58C7008A85DF /* XuankeModel.h */,
				E4379029162B58C7008A85DF /* XuankeModel.m */,
				E4997ADA1631DAA20020999B /* SSEModel.h */,
				E4997ADB1631DAA20020999B /* SSEModel.m */,
				E44B082316458C4F0050FB18 /* LogInModal.h */,
				E44B082416458C4F0050FB18 /* LogInModal.m */,
			);
			name = NewsModal;
			sourceTree = "<group>";
		};
		E437902F162B60EA008A85DF /* Catagory */ = {
			isa = PBXGroup;
			children = (
				E4379030162B6147008A85DF /* UILabel+Addition.h */,
				E4379031162B6147008A85DF /* UILabel+Addition.m */,
				E43790C8162C82FD008A85DF /* NSString+TimeConvertion.h */,
				E43790C9162C82FD008A85DF /* NSString+TimeConvertion.m */,
				E43790DE162CB4FB008A85DF /* UIBarButtonItem+Addtion.h */,
				E43790DF162CB4FB008A85DF /* UIBarButtonItem+Addtion.m */,
				E44B081D164583010050FB18 /* NSString+EncryptAndDecrypt.h */,
				E44B081E164583010050FB18 /* NSString+EncryptAndDecrypt.m */,
				E4177AE7164C65060035B080 /* UIImage+Opacity.h */,
				E4177AE8164C65060035B080 /* UIImage+Opacity.m */,
			);
			name = Catagory;
			sourceTree = "<group>";
		};
		E437903F162B6768008A85DF /* FakeUUID */ = {
			isa = PBXGroup;
			children = (
				E4379041162B6777008A85DF /* NSString+MD5Addition.h */,
				E4379042162B6777008A85DF /* NSString+MD5Addition.m */,
				E4379043162B6777008A85DF /* UIDevice+IdentifierAddition.h */,
				E4379044162B6777008A85DF /* UIDevice+IdentifierAddition.m */,
			);
			name = FakeUUID;
			sourceTree = "<group>";
		};
		E4379097162C3746008A85DF /* CoreData */ = {
			isa = PBXGroup;
			children = (
				E43790C0162C75BE008A85DF /* model */,
				E43790BE162C75B4008A85DF /* MyDataStorage.h */,
				E43790BF162C75B4008A85DF /* MyDataStorage.m */,
			);
			name = CoreData;
			sourceTree = "<group>";
		};
		E43790C0162C75BE008A85DF /* model */ = {
			isa = PBXGroup;
			children = (
				E4379093162C3047008A85DF /* Model.xcdatamodeld */,
				E43790C2162C7D75008A85DF /* Category.h */,
				E43790C3162C7D75008A85DF /* Category.m */,
				E43790C5162C7D75008A85DF /* News.h */,
				E43790C6162C7D75008A85DF /* News.m */,
			);
			name = model;
			sourceTree = "<group>";
		};
		E44B0816164582630050FB18 /* Encrypt&Decrypt */ = {
			isa = PBXGroup;
			children = (
				E44B08301645B0380050FB18 /* AESCrypt.h */,
				E44B08311645B0380050FB18 /* AESCrypt.m */,
				E44B08321645B0380050FB18 /* LICENSE */,
				E44B08331645B0380050FB18 /* NSData+Base64.h */,
				E44B08341645B0380050FB18 /* NSData+Base64.m */,
				E44B08351645B0380050FB18 /* NSData+CommonCrypto.h */,
				E44B08361645B0380050FB18 /* NSData+CommonCrypto.m */,
				E44B08371645B0380050FB18 /* NSString+Base64.h */,
				E44B08381645B0380050FB18 /* NSString+Base64.m */,
			);
			name = "Encrypt&Decrypt";
			sourceTree = "<group>";
		};
		E4997AD11631B22D0020999B /* ProgressHUD */ = {
			isa = PBXGroup;
			children = (
				E4997AD31631B2450020999B /* MBProgressHUD.h */,
				E4997AD41631B2450020999B /* MBProgressHUD.m */,
			);
			name = ProgressHUD;
			sourceTree = "<group>";
		};
		E4997AE31631DE380020999B /* MWFeedParser */ = {
			isa = PBXGroup;
			children = (
				E4997AE51631DE670020999B /* parser */,
				E4997AE41631DE5B0020999B /* category */,
			);
			name = MWFeedParser;
			sourceTree = "<group>";
		};
		E4997AE41631DE5B0020999B /* category */ = {
			isa = PBXGroup;
			children = (
				E4997AF91631DEA50020999B /* NSString+XMLEntities.h */,
				E4997AFA1631DEA50020999B /* NSString+XMLEntities.m */,
				E4997AF61631DE980020999B /* GTMNSString+HTML.h */,
				E4997AF71631DE980020999B /* GTMNSString+HTML.m */,
				E4997AF01631DE880020999B /* NSDate+InternetDateTime.h */,
				E4997AF11631DE880020999B /* NSDate+InternetDateTime.m */,
				E4997AF21631DE880020999B /* NSString+HTML.h */,
				E4997AF31631DE880020999B /* NSString+HTML.m */,
			);
			name = category;
			sourceTree = "<group>";
		};
		E4997AE51631DE670020999B /* parser */ = {
			isa = PBXGroup;
			children = (
				E4997AE61631DE750020999B /* MWFeedInfo.h */,
				E4997AE71631DE750020999B /* MWFeedInfo.m */,
				E4997AE81631DE750020999B /* MWFeedItem.h */,
				E4997AE91631DE750020999B /* MWFeedItem.m */,
				E4997AEA1631DE750020999B /* MWFeedParser_Private.h */,
				E4997AEB1631DE750020999B /* MWFeedParser.h */,
				E4997AEC1631DE750020999B /* MWFeedParser.m */,
			);
			name = parser;
			sourceTree = "<group>";
		};
		E49B73FF16468A2400CE4324 /* Social */ = {
			isa = PBXGroup;
			children = (
				E49B740016468A3200CE4324 /* SocialShareModal.h */,
				E49B740116468A3200CE4324 /* SocialShareModal.m */,
			);
			name = Social;
			sourceTree = "<group>";
		};
		E49B74131646C6E600CE4324 /* Picker */ = {
			isa = PBXGroup;
			children = (
				E49B74251646C70C00CE4324 /* ActionSheetPicker.h */,
				E49B74241646C70200CE4324 /* picker */,
			);
			name = Picker;
			sourceTree = "<group>";
		};
		E49B74241646C70200CE4324 /* picker */ = {
			isa = PBXGroup;
			children = (
				E49B74151646C6F200CE4324 /* AbstractActionSheetPicker.h */,
				E49B74161646C6F200CE4324 /* AbstractActionSheetPicker.m */,
				E49B74171646C6F200CE4324 /* ActionSheetDatePicker.h */,
				E49B74181646C6F200CE4324 /* ActionSheetDatePicker.m */,
				E49B74191646C6F200CE4324 /* ActionSheetDistancePicker.h */,
				E49B741A1646C6F200CE4324 /* ActionSheetDistancePicker.m */,
				E49B741B1646C6F200CE4324 /* ActionSheetStringPicker.h */,
				E49B741C1646C6F200CE4324 /* ActionSheetStringPicker.m */,
				E49B741D1646C6F200CE4324 /* DistancePickerView.h */,
				E49B741E1646C6F200CE4324 /* DistancePickerView.m */,
			);
			name = picker;
			sourceTree = "<group>";
		};
		E4AFCCE91630242100358B1B /* libs */ = {
			isa = PBXGroup;
			children = (
				E4177AF2164C77C90035B080 /* readability */,
				E4177AC9164ACC6F0035B080 /* ViewDeck */,
				E49B74131646C6E600CE4324 /* Picker */,
				E49B73FF16468A2400CE4324 /* Social */,
				E437903F162B6768008A85DF /* FakeUUID */,
				E44B0816164582630050FB18 /* Encrypt&Decrypt */,
				E4997AE31631DE380020999B /* MWFeedParser */,
				E4997AD11631B22D0020999B /* ProgressHUD */,
				E4AFCD191631888900358B1B /* reachability */,
				E4AFCD181631887C00358B1B /* PullRefresh */,
			);
			name = libs;
			sourceTree = "<group>";
		};
		E4AFCD181631887C00358B1B /* PullRefresh */ = {
			isa = PBXGroup;
			children = (
				E4AFCCF01630248800358B1B /* blackArrow.png */,
				E4AFCCF11630248800358B1B /* blackArrow@2x.png */,
				E4AFCCF21630248800358B1B /* blueArrow.png */,
				E4AFCCF31630248800358B1B /* blueArrow@2x.png */,
				E4AFCCF41630248800358B1B /* grayArrow.png */,
				E4AFCCF51630248800358B1B /* grayArrow@2x.png */,
				E4AFCCF61630248800358B1B /* whiteArrow.png */,
				E4AFCCF71630248800358B1B /* whiteArrow@2x.png */,
				E4AFCD001630249100358B1B /* EGORefreshTableHeaderView.h */,
				E4AFCD011630249100358B1B /* EGORefreshTableHeaderView.m */,
			);
			name = PullRefresh;
			sourceTree = "<group>";
		};
		E4AFCD191631888900358B1B /* reachability */ = {
			isa = PBXGroup;
			children = (
				E4AFCD1A1631889700358B1B /* Reachability.h */,
				E4AFCD1B1631889700358B1B /* Reachability.m */,
			);
			name = reachability;
			sourceTree = "<group>";
		};
/* End PBXGroup section */

/* Begin PBXNativeTarget section */
		E4378FC91628D620008A85DF /* TongjiXuanke */ = {
			isa = PBXNativeTarget;
			buildConfigurationList = E4378FEE1628D620008A85DF /* Build configuration list for PBXNativeTarget "TongjiXuanke" */;
			buildPhases = (
				E4378FC61628D620008A85DF /* Sources */,
				E4378FC71628D620008A85DF /* Frameworks */,
				E4378FC81628D620008A85DF /* Resources */,
			);
			buildRules = (
			);
			dependencies = (
			);
			name = TongjiXuanke;
			productName = TongjiXuanke;
			productReference = E4378FCA1628D620008A85DF /* TongjiXuanke.app */;
			productType = "com.apple.product-type.application";
		};
/* End PBXNativeTarget section */

/* Begin PBXProject section */
		E4378FC11628D61F008A85DF /* Project object */ = {
			isa = PBXProject;
			attributes = {
				LastUpgradeCheck = 0450;
				ORGANIZATIONNAME = Song;
			};
			buildConfigurationList = E4378FC41628D61F008A85DF /* Build configuration list for PBXProject "TongjiXuanke" */;
			compatibilityVersion = "Xcode 3.2";
			developmentRegion = English;
			hasScannedForEncodings = 0;
			knownRegions = (
				en,
				"zh-Hans",
			);
			mainGroup = E4378FBF1628D61F008A85DF;
			productRefGroup = E4378FCB1628D620008A85DF /* Products */;
			projectDirPath = "";
			projectRoot = "";
			targets = (
				E4378FC91628D620008A85DF /* TongjiXuanke */,
			);
		};
/* End PBXProject section */

/* Begin PBXResourcesBuildPhase section */
		E4378FC81628D620008A85DF /* Resources */ = {
			isa = PBXResourcesBuildPhase;
			buildActionMask = 2147483647;
			files = (
				E4378FD91628D620008A85DF /* InfoPlist.strings in Resources */,
				E4378FE81628D620008A85DF /* MainStoryboard.storyboard in Resources */,
				E437900A162B393E008A85DF /* cellBG@2x.png in Resources */,
				E437900B162B393E008A85DF /* cellBG.png in Resources */,
				E437900E162B3B84008A85DF /* cellAccessory@2x.png in Resources */,
				E437900F162B3B84008A85DF /* cellAccessory.png in Resources */,
				E4379011162B47AD008A85DF /* cellUnread.png in Resources */,
				E4379013162B47B2008A85DF /* cellUnread@2x.png in Resources */,
				E437902D162B5FB1008A85DF /* nav_bar_bg.png in Resources */,
				E437902E162B5FB1008A85DF /* nav_bar_bg@2x.png in Resources */,
				E4379035162B6233008A85DF /* bg@2x.png in Resources */,
				E4379036162B6233008A85DF /* bg.png in Resources */,
				E437904E162B6AC6008A85DF /* tabbarBG.png in Resources */,
				E437904F162B6AC6008A85DF /* tabbarBG@2x.png in Resources */,
				E4379066162B7279008A85DF /* item0_selected@2x.png in Resources */,
				E4379067162B7279008A85DF /* item0_unselected@2x.png in Resources */,
				E437906A162B7280008A85DF /* item0_selected.png in Resources */,
				E437906B162B7280008A85DF /* item0_unselected.png in Resources */,
				E4379078162B7411008A85DF /* item1_unselected@2x.png in Resources */,
				E4379079162B7411008A85DF /* item1_selected@2x.png in Resources */,
				E437907A162B7411008A85DF /* item1_selected.png in Resources */,
				E437907B162B7411008A85DF /* item1_unselected.png in Resources */,
				E4379080162B74D0008A85DF /* item2_unselected@2x.png in Resources */,
				E4379081162B74D0008A85DF /* item2_selected@2x.png in Resources */,
				E4379082162B74D0008A85DF /* item2_selected.png in Resources */,
				E4379083162B74D0008A85DF /* item2_unselected.png in Resources */,
				E4379086162B7597008A85DF /* selectedIndicator@2x.png in Resources */,
				E4379087162B7597008A85DF /* selectedIndicator.png in Resources */,
				E43790D8162CACD6008A85DF /* detailTitle.png in Resources */,
				E43790D9162CACD6008A85DF /* detailTitle@2x.png in Resources */,
				E43790E5162CB5C1008A85DF /* nav_bar_btn_back_hl.png in Resources */,
				E43790E6162CB5C1008A85DF /* nav_bar_btn_back_hl@2x.png in Resources */,
				E43790E7162CB5C1008A85DF /* nav_bar_btn_back.png in Resources */,
				E43790E8162CB5C1008A85DF /* nav_bar_btn_back@2x.png in Resources */,
				E40607BA162E10120094475B /* newsdetail.html in Resources */,
				E40607BB162E10120094475B /* tongzhi.css in Resources */,
				E418E0D7162E32DE0046C8D7 /* toolbar_article_view.png in Resources */,
				E418E0D8162E32DE0046C8D7 /* toolbar_article_view@2x.png in Resources */,
				E418E0D9162E32DE0046C8D7 /* toolbar_web_view.png in Resources */,
				E418E0DA162E32DE0046C8D7 /* toolbar_web_view@2x.png in Resources */,
				E4AFCCD71630217100358B1B /* fav_ribbon.png in Resources */,
				E4AFCCE11630230D00358B1B /* nav_bar_btn_finish_hl.png in Resources */,
				E4AFCCE21630230D00358B1B /* nav_bar_btn_finish_hl@2x.png in Resources */,
				E4AFCCE31630230D00358B1B /* nav_bar_btn_finish.png in Resources */,
				E4AFCCE41630230D00358B1B /* nav_bar_btn_finish@2x.png in Resources */,
				E4AFCCF81630248800358B1B /* blackArrow.png in Resources */,
				E4AFCCF91630248800358B1B /* blackArrow@2x.png in Resources */,
				E4AFCCFA1630248800358B1B /* blueArrow.png in Resources */,
				E4AFCCFB1630248800358B1B /* blueArrow@2x.png in Resources */,
				E4AFCCFC1630248800358B1B /* grayArrow.png in Resources */,
				E4AFCCFD1630248800358B1B /* grayArrow@2x.png in Resources */,
				E4AFCCFE1630248800358B1B /* whiteArrow.png in Resources */,
				E4AFCCFF1630248800358B1B /* whiteArrow@2x.png in Resources */,
				E4AFCD07163028E800358B1B /* fav_star.png in Resources */,
				E4AFCD08163028E800358B1B /* fav_star@2x.png in Resources */,
				E4997B0116320C140020999B /* icon.png in Resources */,
				E4997B0316320C1A0020999B /* icon@2x.png in Resources */,
				E44B07F116455F8D0050FB18 /* logo.png in Resources */,
				E44B07F216455F8D0050FB18 /* logo@2x.png in Resources */,
				E44B07FC1645612E0050FB18 /* loginBG.png in Resources */,
				E44B07FD1645612E0050FB18 /* loginBG@2x.png in Resources */,
				E44B0800164563960050FB18 /* loginFields@2x.png in Resources */,
				E44B0801164563960050FB18 /* loginFields.png in Resources */,
				E44B083A1645B0380050FB18 /* LICENSE in Resources */,
				E4177A2116485A260035B080 /* Default.png in Resources */,
				E4177A2316485A360035B080 /* Default@2x.png in Resources */,
				E4177A2516485A3B0035B080 /* Default-568h@2x.png in Resources */,
				E4177A77164A95190035B080 /* sideBarBGTextile.png in Resources */,
				E4177A78164A95190035B080 /* sideBarBGTextile@2x.png in Resources */,
				E4177A82164AA5DF0035B080 /* sideTopBar.png in Resources */,
				E4177A83164AA5DF0035B080 /* sideTopBar@2x.png in Resources */,
				E4177AE5164C63D10035B080 /* sideBarSelection.png in Resources */,
				E4177AE6164C63D10035B080 /* sideBarSelection@2x.png in Resources */,
				E4177AEC164C66230035B080 /* nav_menu_icon.png in Resources */,
				E4177AED164C66230035B080 /* nav_menu_icon@2x.png in Resources */,
				E4177AFA164C77CA0035B080 /* .htaccess in Resources */,
				E4177B06164C7A790035B080 /* readability-home.css in Resources */,
				E4177B07164C7A790035B080 /* readability-home.css in Resources */,
				E4177B08164C7A790035B080 /* readability-print.css in Resources */,
				E4177B09164C7A790035B080 /* readability.css in Resources */,
			);
			runOnlyForDeploymentPostprocessing = 0;
		};
/* End PBXResourcesBuildPhase section */

/* Begin PBXSourcesBuildPhase section */
		E4378FC61628D620008A85DF /* Sources */ = {
			isa = PBXSourcesBuildPhase;
			buildActionMask = 2147483647;
			files = (
				E4AFCD021630252500358B1B /* EGORefreshTableHeaderView.m in Sources */,
				E43790C1162C75DE008A85DF /* MyDataStorage.m in Sources */,
				E4379088162B77F5008A85DF /* NSString+MD5Addition.m in Sources */,
				E4379089162B77F5008A85DF /* UIDevice+IdentifierAddition.m in Sources */,
				E437902A162B5C70008A85DF /* XuankeModel.m in Sources */,
				E4378FDB1628D620008A85DF /* main.m in Sources */,
				E4378FDF1628D620008A85DF /* AppDelegate.m in Sources */,
				E437901A162B4872008A85DF /* NewsCell.m in Sources */,
				E4379024162B54F6008A85DF /* NewsTableViewController.m in Sources */,
				E4379032162B6147008A85DF /* UILabel+Addition.m in Sources */,
				E4379047162B68FC008A85DF /* MyTabBarController.m in Sources */,
				E4379095162C3047008A85DF /* Model.xcdatamodeld in Sources */,
				E43790C4162C7D75008A85DF /* Category.m in Sources */,
				E43790C7162C7D75008A85DF /* News.m in Sources */,
				E43790CA162C82FD008A85DF /* NSString+TimeConvertion.m in Sources */,
				E43790D5162CA0CF008A85DF /* NewsDetailViewController.m in Sources */,
				E43790E0162CB4FC008A85DF /* UIBarButtonItem+Addtion.m in Sources */,
				E4AFCD1C1631889700358B1B /* Reachability.m in Sources */,
				E4AFCD1F1631895A00358B1B /* ReachabilityChecker.m in Sources */,
				E4AFCD2216318CBF00358B1B /* SettingModal.m in Sources */,
				E4997AD51631B2450020999B /* MBProgressHUD.m in Sources */,
				E4997ADC1631DAA20020999B /* SSEModel.m in Sources */,
				E4997AED1631DE750020999B /* MWFeedInfo.m in Sources */,
				E4997AEE1631DE750020999B /* MWFeedItem.m in Sources */,
				E4997AEF1631DE750020999B /* MWFeedParser.m in Sources */,
				E4997AF41631DE880020999B /* NSDate+InternetDateTime.m in Sources */,
				E4997AF51631DE880020999B /* NSString+HTML.m in Sources */,
				E4997AF81631DE980020999B /* GTMNSString+HTML.m in Sources */,
				E4997AFB1631DEA50020999B /* NSString+XMLEntities.m in Sources */,
				E44B0811164572270050FB18 /* LoginViewController.m in Sources */,
				E44B081F164583010050FB18 /* NSString+EncryptAndDecrypt.m in Sources */,
				E44B082516458C4F0050FB18 /* LogInModal.m in Sources */,
				E44B08391645B0380050FB18 /* AESCrypt.m in Sources */,
				E44B083B1645B0380050FB18 /* NSData+Base64.m in Sources */,
				E44B083C1645B0380050FB18 /* NSData+CommonCrypto.m in Sources */,
				E44B083D1645B0380050FB18 /* NSString+Base64.m in Sources */,
				E49B73ED1646720A00CE4324 /* SettingTableViewController.m in Sources */,
				E49B740216468A3200CE4324 /* SocialShareModal.m in Sources */,
				E49B741F1646C6F200CE4324 /* AbstractActionSheetPicker.m in Sources */,
				E49B74201646C6F200CE4324 /* ActionSheetDatePicker.m in Sources */,
				E49B74211646C6F200CE4324 /* ActionSheetDistancePicker.m in Sources */,
				E49B74221646C6F200CE4324 /* ActionSheetStringPicker.m in Sources */,
				E49B74231646C6F200CE4324 /* DistancePickerView.m in Sources */,
				E4C33B8416481E8500E65C6B /* APNSManager.m in Sources */,
				E4DA0CD01648329C0076897A /* CategorySelectionViewController.m in Sources */,
				E4177A7B164A96240035B080 /* SideViewController.m in Sources */,
				E4177ACE164ACC6F0035B080 /* IIViewDeckController.m in Sources */,
				E4177ACF164ACC6F0035B080 /* WrapController.m in Sources */,
				E4177AD9164B20090035B080 /* GHMenuCell.m in Sources */,
				E4177AE9164C65060035B080 /* UIImage+Opacity.m in Sources */,
				E4177AFB164C77CA0035B080 /* readability-start.js in Sources */,
				E4177AFC164C77CA0035B080 /* jquery-1.3.1.min.js in Sources */,
				E4177AFD164C77CA0035B080 /* readability-0.1-debug.js in Sources */,
				E4177AFE164C77CA0035B080 /* readability-start.js in Sources */,
				E4177AFF164C77CA0035B080 /* readability.js in Sources */,
			);
			runOnlyForDeploymentPostprocessing = 0;
		};
/* End PBXSourcesBuildPhase section */

/* Begin PBXVariantGroup section */
		E4378FD71628D620008A85DF /* InfoPlist.strings */ = {
			isa = PBXVariantGroup;
			children = (
				E44B080E16456ABA0050FB18 /* zh-Hans */,
			);
			name = InfoPlist.strings;
			sourceTree = "<group>";
		};
		E4378FE61628D620008A85DF /* MainStoryboard.storyboard */ = {
			isa = PBXVariantGroup;
			children = (
				E44B080C16456ABA0050FB18 /* zh-Hans */,
			);
			name = MainStoryboard.storyboard;
			sourceTree = "<group>";
		};
/* End PBXVariantGroup section */

/* Begin XCBuildConfiguration section */
		E4378FEC1628D620008A85DF /* Debug */ = {
			isa = XCBuildConfiguration;
			buildSettings = {
				ALWAYS_SEARCH_USER_PATHS = NO;
				CLANG_CXX_LANGUAGE_STANDARD = "gnu++0x";
				CLANG_CXX_LIBRARY = "libc++";
				CLANG_ENABLE_OBJC_ARC = YES;
				CLANG_WARN_EMPTY_BODY = YES;
				CLANG_WARN__DUPLICATE_METHOD_MATCH = YES;
				CODE_SIGN_IDENTITY = "iPhone Developer: Boheng Song (57A72U5VT9)";
				"CODE_SIGN_IDENTITY[sdk=iphoneos*]" = "iPhone Developer: Boheng Song (57A72U5VT9)";
				COPY_PHASE_STRIP = NO;
				GCC_C_LANGUAGE_STANDARD = gnu99;
				GCC_DYNAMIC_NO_PIC = NO;
				GCC_OPTIMIZATION_LEVEL = 0;
				GCC_PREPROCESSOR_DEFINITIONS = (
					"DEBUG=1",
					"$(inherited)",
				);
				GCC_SYMBOLS_PRIVATE_EXTERN = NO;
				GCC_WARN_ABOUT_RETURN_TYPE = YES;
				GCC_WARN_UNINITIALIZED_AUTOS = YES;
				GCC_WARN_UNUSED_VARIABLE = YES;
				IPHONEOS_DEPLOYMENT_TARGET = 5.1;
				ONLY_ACTIVE_ARCH = YES;
				PROVISIONING_PROFILE = "795928AB-4175-4A5E-AFC5-D70D51BD39B3";
				"PROVISIONING_PROFILE[sdk=iphoneos*]" = "795928AB-4175-4A5E-AFC5-D70D51BD39B3";
				SDKROOT = iphoneos;
			};
			name = Debug;
		};
		E4378FED1628D620008A85DF /* Release */ = {
			isa = XCBuildConfiguration;
			buildSettings = {
				ALWAYS_SEARCH_USER_PATHS = NO;
				CLANG_CXX_LANGUAGE_STANDARD = "gnu++0x";
				CLANG_CXX_LIBRARY = "libc++";
				CLANG_ENABLE_OBJC_ARC = YES;
				CLANG_WARN_EMPTY_BODY = YES;
				CLANG_WARN__DUPLICATE_METHOD_MATCH = YES;
				CODE_SIGN_IDENTITY = "iPhone Distribution: Boheng Song";
				"CODE_SIGN_IDENTITY[sdk=iphoneos*]" = "iPhone Distribution: Boheng Song";
				COPY_PHASE_STRIP = YES;
				GCC_C_LANGUAGE_STANDARD = gnu99;
				GCC_WARN_ABOUT_RETURN_TYPE = YES;
				GCC_WARN_UNINITIALIZED_AUTOS = YES;
				GCC_WARN_UNUSED_VARIABLE = YES;
				IPHONEOS_DEPLOYMENT_TARGET = 5.1;
				OTHER_CFLAGS = "-DNS_BLOCK_ASSERTIONS=1";
				PROVISIONING_PROFILE = "EBDD1C1F-5FA1-40EB-8ABE-4C2B156A3DC3";
				"PROVISIONING_PROFILE[sdk=iphoneos*]" = "EBDD1C1F-5FA1-40EB-8ABE-4C2B156A3DC3";
				SDKROOT = iphoneos;
				VALIDATE_PRODUCT = YES;
			};
			name = Release;
		};
		E4378FEF1628D620008A85DF /* Debug */ = {
			isa = XCBuildConfiguration;
			buildSettings = {
				GCC_PRECOMPILE_PREFIX_HEADER = YES;
				GCC_PREFIX_HEADER = "TongjiXuanke/TongjiXuanke-Prefix.pch";
				INFOPLIST_FILE = "TongjiXuanke/TongjiXuanke-Info.plist";
				PRODUCT_NAME = "$(TARGET_NAME)";
				WRAPPER_EXTENSION = app;
			};
			name = Debug;
		};
		E4378FF01628D620008A85DF /* Release */ = {
			isa = XCBuildConfiguration;
			buildSettings = {
				GCC_PRECOMPILE_PREFIX_HEADER = YES;
				GCC_PREFIX_HEADER = "TongjiXuanke/TongjiXuanke-Prefix.pch";
				INFOPLIST_FILE = "TongjiXuanke/TongjiXuanke-Info.plist";
				PRODUCT_NAME = "$(TARGET_NAME)";
				WRAPPER_EXTENSION = app;
			};
			name = Release;
		};
/* End XCBuildConfiguration section */

/* Begin XCConfigurationList section */
		E4378FC41628D61F008A85DF /* Build configuration list for PBXProject "TongjiXuanke" */ = {
			isa = XCConfigurationList;
			buildConfigurations = (
				E4378FEC1628D620008A85DF /* Debug */,
				E4378FED1628D620008A85DF /* Release */,
			);
			defaultConfigurationIsVisible = 0;
			defaultConfigurationName = Release;
		};
		E4378FEE1628D620008A85DF /* Build configuration list for PBXNativeTarget "TongjiXuanke" */ = {
			isa = XCConfigurationList;
			buildConfigurations = (
				E4378FEF1628D620008A85DF /* Debug */,
				E4378FF01628D620008A85DF /* Release */,
			);
			defaultConfigurationIsVisible = 0;
			defaultConfigurationName = Release;
		};
/* End XCConfigurationList section */

/* Begin XCVersionGroup section */
		E4379093162C3047008A85DF /* Model.xcdatamodeld */ = {
			isa = XCVersionGroup;
			children = (
				E4379094162C3047008A85DF /* Model.xcdatamodel */,
			);
			currentVersion = E4379094162C3047008A85DF /* Model.xcdatamodel */;
			path = Model.xcdatamodeld;
			sourceTree = "<group>";
			versionGroupType = wrapper.xcdatamodel;
		};
/* End XCVersionGroup section */
	};
	rootObject = E4378FC11628D61F008A85DF /* Project object */;
}
